// !$*UTF8*$!
{
	archiveVersion = 1;
	classes = {
	};
	objectVersion = 46;
	objects = {

/* Begin PBXBuildFile section */
		2D2E19EC168F7F7100BCB6BA /* varText.cpp in Sources */ = {isa = PBXBuildFile; fileRef = 2D2E19EB168F7F7100BCB6BA /* varText.cpp */; };
		2D2E19EE168F847000BCB6BA /* varNumber.cpp in Sources */ = {isa = PBXBuildFile; fileRef = 2D2E19ED168F847000BCB6BA /* varNumber.cpp */; };
		2D2E19F2168F928800BCB6BA /* templateFile.cpp in Sources */ = {isa = PBXBuildFile; fileRef = 2D2E19F1168F928800BCB6BA /* templateFile.cpp */; };
		2D2E19F4168F979400BCB6BA /* templateText.cpp in Sources */ = {isa = PBXBuildFile; fileRef = 2D2E19F3168F979400BCB6BA /* templateText.cpp */; };
		2D2E19F6168F9A4900BCB6BA /* template.cpp in Sources */ = {isa = PBXBuildFile; fileRef = 2D2E19F5168F9A4900BCB6BA /* template.cpp */; };
		2D2E19FA168FAB4C00BCB6BA /* addController.cpp in Sources */ = {isa = PBXBuildFile; fileRef = 2D2E19F9168FAB4C00BCB6BA /* addController.cpp */; };
		2D4C8879168E502D00B7E4D8 /* pull.cpp in Sources */ = {isa = PBXBuildFile; fileRef = 2D4C8878168E502D00B7E4D8 /* pull.cpp */; };
		2D4C887C168E516B00B7E4D8 /* pull.cpp in Sources */ = {isa = PBXBuildFile; fileRef = 2D4C887B168E516B00B7E4D8 /* pull.cpp */; };
		2DEE1864168E2CE500C3ACCC /* dump.cpp in Sources */ = {isa = PBXBuildFile; fileRef = 2DEE1863168E2CE500C3ACCC /* dump.cpp */; };
		2DEE1867168E31B100C3ACCC /* dump.cpp in Sources */ = {isa = PBXBuildFile; fileRef = 2DEE1866168E31B100C3ACCC /* dump.cpp */; };
		2DEE1869168E386F00C3ACCC /* libsqlite3.dylib in Frameworks */ = {isa = PBXBuildFile; fileRef = 2DEE1868168E386F00C3ACCC /* libsqlite3.dylib */; };
		2DEE6CEC168FCD0700BC9A00 /* stack.cpp in Sources */ = {isa = PBXBuildFile; fileRef = 2DEE6CEB168FCD0700BC9A00 /* stack.cpp */; };
		2DEE6CF0168FFE3300BC9A00 /* loadAllVarFunctions.cpp in Sources */ = {isa = PBXBuildFile; fileRef = 2DEE6CEF168FFE3300BC9A00 /* loadAllVarFunctions.cpp */; };
		2DEE6CF2168FFF7D00BC9A00 /* varFunction.cpp in Sources */ = {isa = PBXBuildFile; fileRef = 2DEE6CF1168FFF7D00BC9A00 /* varFunction.cpp */; };
		2DF65848168D1E7600C198D3 /* main.cpp in Sources */ = {isa = PBXBuildFile; fileRef = 2DF65847168D1E7600C198D3 /* main.cpp */; };
		2DF6584A168D1E7600C198D3 /* static.1 in CopyFiles */ = {isa = PBXBuildFile; fileRef = 2DF65849168D1E7600C198D3 /* static.1 */; };
		2DF658CA168D21F900C198D3 /* canHandle.cpp in Sources */ = {isa = PBXBuildFile; fileRef = 2DF65852168D21F900C198D3 /* canHandle.cpp */; };
		2DF658CB168D21F900C198D3 /* handle.cpp in Sources */ = {isa = PBXBuildFile; fileRef = 2DF65853168D21F900C198D3 /* handle.cpp */; };
		2DF658CD168D21F900C198D3 /* ctor.cpp in Sources */ = {isa = PBXBuildFile; fileRef = 2DF65859168D21F900C198D3 /* ctor.cpp */; };
		2DF658CE168D21F900C198D3 /* dtor.cpp in Sources */ = {isa = PBXBuildFile; fileRef = 2DF6585A168D21F900C198D3 /* dtor.cpp */; };
		2DF658CF168D21F900C198D3 /* dumpEnv.cpp in Sources */ = {isa = PBXBuildFile; fileRef = 2DF6585B168D21F900C198D3 /* dumpEnv.cpp */; };
		2DF658D0168D21F900C198D3 /* getEnv.cpp in Sources */ = {isa = PBXBuildFile; fileRef = 2DF6585C168D21F900C198D3 /* getEnv.cpp */; };
		2DF658D3168D21F900C198D3 /* returnVariables.cpp in Sources */ = {isa = PBXBuildFile; fileRef = 2DF65860168D21F900C198D3 /* returnVariables.cpp */; };
		2DF658D5168D21F900C198D3 /* ctor.cpp in Sources */ = {isa = PBXBuildFile; fileRef = 2DF65864168D21F900C198D3 /* ctor.cpp */; };
		2DF658D6168D21F900C198D3 /* dtor.cpp in Sources */ = {isa = PBXBuildFile; fileRef = 2DF65865168D21F900C198D3 /* dtor.cpp */; };
		2DF658D8168D21F900C198D3 /* ctor.cpp in Sources */ = {isa = PBXBuildFile; fileRef = 2DF6586C168D21F900C198D3 /* ctor.cpp */; };
		2DF658D9168D21F900C198D3 /* dtor.cpp in Sources */ = {isa = PBXBuildFile; fileRef = 2DF6586D168D21F900C198D3 /* dtor.cpp */; };
		2DF658DA168D21F900C198D3 /* push.cpp in Sources */ = {isa = PBXBuildFile; fileRef = 2DF6586F168D21F900C198D3 /* push.cpp */; };
		2DF658DC168D21F900C198D3 /* ctor.cpp in Sources */ = {isa = PBXBuildFile; fileRef = 2DF65876168D21F900C198D3 /* ctor.cpp */; };
		2DF658DD168D21F900C198D3 /* extractQueryStrings.cpp in Sources */ = {isa = PBXBuildFile; fileRef = 2DF65877168D21F900C198D3 /* extractQueryStrings.cpp */; };
		2DF658DE168D21F900C198D3 /* requestToPath.cpp in Sources */ = {isa = PBXBuildFile; fileRef = 2DF65879168D21F900C198D3 /* requestToPath.cpp */; };
		2DF658E0168D21F900C198D3 /* ctor.cpp in Sources */ = {isa = PBXBuildFile; fileRef = 2DF6587E168D21F900C198D3 /* ctor.cpp */; };
		2DF658E1168D21F900C198D3 /* defaultController.cpp in Sources */ = {isa = PBXBuildFile; fileRef = 2DF6587F168D21F900C198D3 /* defaultController.cpp */; };
		2DF658E2168D21F900C198D3 /* dtor.cpp in Sources */ = {isa = PBXBuildFile; fileRef = 2DF65880168D21F900C198D3 /* dtor.cpp */; };
		2DF658E3168D21F900C198D3 /* route.cpp in Sources */ = {isa = PBXBuildFile; fileRef = 2DF65882168D21F900C198D3 /* route.cpp */; };
		2DF658E5168D21F900C198D3 /* ctor.cpp in Sources */ = {isa = PBXBuildFile; fileRef = 2DF65886168D21F900C198D3 /* ctor.cpp */; };
		2DF658E7168D21F900C198D3 /* close.cpp in Sources */ = {isa = PBXBuildFile; fileRef = 2DF6588E168D21F900C198D3 /* close.cpp */; };
		2DF658E8168D21F900C198D3 /* ctor.cpp in Sources */ = {isa = PBXBuildFile; fileRef = 2DF6588F168D21F900C198D3 /* ctor.cpp */; };
		2DF658E9168D21F900C198D3 /* dtor.cpp in Sources */ = {isa = PBXBuildFile; fileRef = 2DF65890168D21F900C198D3 /* dtor.cpp */; };
		2DF658EA168D21F900C198D3 /* flush.cpp in Sources */ = {isa = PBXBuildFile; fileRef = 2DF65891168D21F900C198D3 /* flush.cpp */; };
		2DF658EB168D21F900C198D3 /* logVar.cpp in Sources */ = {isa = PBXBuildFile; fileRef = 2DF65892168D21F900C198D3 /* logVar.cpp */; };
		2DF658EC168D21F900C198D3 /* open.cpp in Sources */ = {isa = PBXBuildFile; fileRef = 2DF65893168D21F900C198D3 /* open.cpp */; };
		2DF658ED168D21F900C198D3 /* redirect.cpp in Sources */ = {isa = PBXBuildFile; fileRef = 2DF65894168D21F900C198D3 /* redirect.cpp */; };
		2DF658EE168D21F900C198D3 /* write.cpp in Sources */ = {isa = PBXBuildFile; fileRef = 2DF65895168D21F900C198D3 /* write.cpp */; };
		2DF658EF168D21F900C198D3 /* add.cpp in Sources */ = {isa = PBXBuildFile; fileRef = 2DF65898168D21F900C198D3 /* add.cpp */; };
		2DF658F0168D21F900C198D3 /* ctor.cpp in Sources */ = {isa = PBXBuildFile; fileRef = 2DF65899168D21F900C198D3 /* ctor.cpp */; };
		2DF658F1168D21F900C198D3 /* dtor.cpp in Sources */ = {isa = PBXBuildFile; fileRef = 2DF6589A168D21F900C198D3 /* dtor.cpp */; };
		2DF658F2168D21F900C198D3 /* dump.cpp in Sources */ = {isa = PBXBuildFile; fileRef = 2DF6589B168D21F900C198D3 /* dump.cpp */; };
		2DF658F3168D21F900C198D3 /* hash.cpp in Sources */ = {isa = PBXBuildFile; fileRef = 2DF6589C168D21F900C198D3 /* hash.cpp */; };
		2DF658F4168D21F900C198D3 /* lookup.cpp in Sources */ = {isa = PBXBuildFile; fileRef = 2DF6589E168D21F900C198D3 /* lookup.cpp */; };
		2DF658F6168D21F900C198D3 /* asCString.cpp in Sources */ = {isa = PBXBuildFile; fileRef = 2DF658A2168D21F900C198D3 /* asCString.cpp */; };
		2DF658F7168D21F900C198D3 /* ctor.cpp in Sources */ = {isa = PBXBuildFile; fileRef = 2DF658A3168D21F900C198D3 /* ctor.cpp */; };
		2DF658F8168D21F900C198D3 /* dtor.cpp in Sources */ = {isa = PBXBuildFile; fileRef = 2DF658A4168D21F900C198D3 /* dtor.cpp */; };
		2DF658F9168D21F900C198D3 /* fromFile.cpp in Sources */ = {isa = PBXBuildFile; fileRef = 2DF658A5168D21F900C198D3 /* fromFile.cpp */; };
		2DF658FA168D21F900C198D3 /* release.cpp in Sources */ = {isa = PBXBuildFile; fileRef = 2DF658A7168D21F900C198D3 /* release.cpp */; };
		2DF658FB168D21F900C198D3 /* abspath.cpp in Sources */ = {isa = PBXBuildFile; fileRef = 2DF658AA168D21F900C198D3 /* abspath.cpp */; };
		2DF658FC168D21F900C198D3 /* strcat.cpp in Sources */ = {isa = PBXBuildFile; fileRef = 2DF658AC168D21F900C198D3 /* strcat.cpp */; };
		2DF658FD168D21F900C198D3 /* strcmp.cpp in Sources */ = {isa = PBXBuildFile; fileRef = 2DF658AD168D21F900C198D3 /* strcmp.cpp */; };
		2DF658FE168D21F900C198D3 /* strdup.cpp in Sources */ = {isa = PBXBuildFile; fileRef = 2DF658AE168D21F900C198D3 /* strdup.cpp */; };
		2DF658FF168D21F900C198D3 /* ctor.cpp in Sources */ = {isa = PBXBuildFile; fileRef = 2DF658B1168D21F900C198D3 /* ctor.cpp */; };
		2DF65900168D21F900C198D3 /* dtor.cpp in Sources */ = {isa = PBXBuildFile; fileRef = 2DF658B2168D21F900C198D3 /* dtor.cpp */; };
		2DF65903168D21F900C198D3 /* value.cpp in Sources */ = {isa = PBXBuildFile; fileRef = 2DF658B6168D21F900C198D3 /* value.cpp */; };
		2DF65907168D21F900C198D3 /* canHandle.cpp in Sources */ = {isa = PBXBuildFile; fileRef = 2DF658C1168D21F900C198D3 /* canHandle.cpp */; };
		2DF65908168D21F900C198D3 /* ctor.cpp in Sources */ = {isa = PBXBuildFile; fileRef = 2DF658C2168D21F900C198D3 /* ctor.cpp */; };
		2DF65909168D21F900C198D3 /* dtor.cpp in Sources */ = {isa = PBXBuildFile; fileRef = 2DF658C3168D21F900C198D3 /* dtor.cpp */; };
		2DF6590A168D21F900C198D3 /* handle.cpp in Sources */ = {isa = PBXBuildFile; fileRef = 2DF658C4168D21F900C198D3 /* handle.cpp */; };
		2DF6590B168D21F900C198D3 /* ctor.cpp in Sources */ = {isa = PBXBuildFile; fileRef = 2DF658C7168D21F900C198D3 /* ctor.cpp */; };
		2DF6590C168D21F900C198D3 /* dtor.cpp in Sources */ = {isa = PBXBuildFile; fileRef = 2DF658C8168D21F900C198D3 /* dtor.cpp */; };
		2DF6590D168D21F900C198D3 /* push.cpp in Sources */ = {isa = PBXBuildFile; fileRef = 2DF658C9168D21F900C198D3 /* push.cpp */; };
		2DF65911168D24C900C198D3 /* exportToSymTab.cpp in Sources */ = {isa = PBXBuildFile; fileRef = 2DF65910168D24C900C198D3 /* exportToSymTab.cpp */; };
		2DF65917168D5F0100C198D3 /* init.cpp in Sources */ = {isa = PBXBuildFile; fileRef = 2DF65916168D5F0100C198D3 /* init.cpp */; };
		2DF65919168D5F6C00C198D3 /* clearValues.cpp in Sources */ = {isa = PBXBuildFile; fileRef = 2DF65918168D5F6C00C198D3 /* clearValues.cpp */; };
		2DF6591B168D6ABE00C198D3 /* kind.cpp in Sources */ = {isa = PBXBuildFile; fileRef = 2DF6591A168D6ABE00C198D3 /* kind.cpp */; };
		2DF6591D168D76DC00C198D3 /* dtor.cpp in Sources */ = {isa = PBXBuildFile; fileRef = 2DF6591C168D76DC00C198D3 /* dtor.cpp */; };
		2DF65921168D776800C198D3 /* strcopy.cpp in Sources */ = {isa = PBXBuildFile; fileRef = 2DF65920168D776800C198D3 /* strcopy.cpp */; };
		2DF65923168E03AB00C198D3 /* remove.cpp in Sources */ = {isa = PBXBuildFile; fileRef = 2DF65922168E03AB00C198D3 /* remove.cpp */; };
/* End PBXBuildFile section */

/* Begin PBXCopyFilesBuildPhase section */
		2DF65841168D1E7600C198D3 /* CopyFiles */ = {
			isa = PBXCopyFilesBuildPhase;
			buildActionMask = 2147483647;
			dstPath = /usr/share/man/man1/;
			dstSubfolderSpec = 0;
			files = (
				2DF6584A168D1E7600C198D3 /* static.1 in CopyFiles */,
			);
			runOnlyForDeploymentPostprocessing = 1;
		};
/* End PBXCopyFilesBuildPhase section */

/* Begin PBXFileReference section */
		2D2E19EB168F7F7100BCB6BA /* varText.cpp */ = {isa = PBXFileReference; fileEncoding = 4; lastKnownFileType = sourcecode.cpp.cpp; path = varText.cpp; sourceTree = "<group>"; };
		2D2E19ED168F847000BCB6BA /* varNumber.cpp */ = {isa = PBXFileReference; fileEncoding = 4; lastKnownFileType = sourcecode.cpp.cpp; path = varNumber.cpp; sourceTree = "<group>"; };
		2D2E19EF168F90FC00BCB6BA /* Template.hpp */ = {isa = PBXFileReference; fileEncoding = 4; lastKnownFileType = sourcecode.cpp.h; path = Template.hpp; sourceTree = "<group>"; };
		2D2E19F1168F928800BCB6BA /* templateFile.cpp */ = {isa = PBXFileReference; fileEncoding = 4; lastKnownFileType = sourcecode.cpp.cpp; path = templateFile.cpp; sourceTree = "<group>"; };
		2D2E19F3168F979400BCB6BA /* templateText.cpp */ = {isa = PBXFileReference; fileEncoding = 4; lastKnownFileType = sourcecode.cpp.cpp; path = templateText.cpp; sourceTree = "<group>"; };
		2D2E19F5168F9A4900BCB6BA /* template.cpp */ = {isa = PBXFileReference; fileEncoding = 4; lastKnownFileType = sourcecode.cpp.cpp; path = template.cpp; sourceTree = "<group>"; };
		2D2E19F9168FAB4C00BCB6BA /* addController.cpp */ = {isa = PBXFileReference; fileEncoding = 4; lastKnownFileType = sourcecode.cpp.cpp; path = addController.cpp; sourceTree = "<group>"; };
		2D4C8878168E502D00B7E4D8 /* pull.cpp */ = {isa = PBXFileReference; fileEncoding = 4; lastKnownFileType = sourcecode.cpp.cpp; path = pull.cpp; sourceTree = "<group>"; };
		2D4C887B168E516B00B7E4D8 /* pull.cpp */ = {isa = PBXFileReference; fileEncoding = 4; lastKnownFileType = sourcecode.cpp.cpp; path = pull.cpp; sourceTree = "<group>"; };
		2DEE1863168E2CE500C3ACCC /* dump.cpp */ = {isa = PBXFileReference; fileEncoding = 4; lastKnownFileType = sourcecode.cpp.cpp; path = dump.cpp; sourceTree = "<group>"; };
		2DEE1866168E31B100C3ACCC /* dump.cpp */ = {isa = PBXFileReference; fileEncoding = 4; lastKnownFileType = sourcecode.cpp.cpp; path = dump.cpp; sourceTree = "<group>"; };
		2DEE1868168E386F00C3ACCC /* libsqlite3.dylib */ = {isa = PBXFileReference; lastKnownFileType = "compiled.mach-o.dylib"; name = libsqlite3.dylib; path = usr/lib/libsqlite3.dylib; sourceTree = SDKROOT; };
		2DEE6CEB168FCD0700BC9A00 /* stack.cpp */ = {isa = PBXFileReference; fileEncoding = 4; lastKnownFileType = sourcecode.cpp.cpp; path = stack.cpp; sourceTree = "<group>"; };
		2DEE6CEF168FFE3300BC9A00 /* loadAllVarFunctions.cpp */ = {isa = PBXFileReference; fileEncoding = 4; lastKnownFileType = sourcecode.cpp.cpp; path = loadAllVarFunctions.cpp; sourceTree = "<group>"; };
		2DEE6CF1168FFF7D00BC9A00 /* varFunction.cpp */ = {isa = PBXFileReference; fileEncoding = 4; lastKnownFileType = sourcecode.cpp.cpp; path = varFunction.cpp; sourceTree = "<group>"; };
		2DF65843168D1E7600C198D3 /* static */ = {isa = PBXFileReference; explicitFileType = "compiled.mach-o.executable"; includeInIndex = 0; path = static; sourceTree = BUILT_PRODUCTS_DIR; };
		2DF65847168D1E7600C198D3 /* main.cpp */ = {isa = PBXFileReference; lastKnownFileType = sourcecode.cpp.cpp; path = main.cpp; sourceTree = "<group>"; };
		2DF65849168D1E7600C198D3 /* static.1 */ = {isa = PBXFileReference; lastKnownFileType = text.man; path = static.1; sourceTree = "<group>"; };
		2DF65852168D21F900C198D3 /* canHandle.cpp */ = {isa = PBXFileReference; fileEncoding = 4; lastKnownFileType = sourcecode.cpp.cpp; path = canHandle.cpp; sourceTree = "<group>"; };
		2DF65853168D21F900C198D3 /* handle.cpp */ = {isa = PBXFileReference; fileEncoding = 4; lastKnownFileType = sourcecode.cpp.cpp; path = handle.cpp; sourceTree = "<group>"; };
		2DF65855168D21F900C198D3 /* Default.hpp */ = {isa = PBXFileReference; fileEncoding = 4; lastKnownFileType = sourcecode.cpp.h; path = Default.hpp; sourceTree = "<group>"; };
		2DF65857168D21F900C198D3 /* Cell.hpp */ = {isa = PBXFileReference; fileEncoding = 4; lastKnownFileType = sourcecode.cpp.h; path = Cell.hpp; sourceTree = "<group>"; };
		2DF65859168D21F900C198D3 /* ctor.cpp */ = {isa = PBXFileReference; fileEncoding = 4; lastKnownFileType = sourcecode.cpp.cpp; path = ctor.cpp; sourceTree = "<group>"; };
		2DF6585A168D21F900C198D3 /* dtor.cpp */ = {isa = PBXFileReference; fileEncoding = 4; lastKnownFileType = sourcecode.cpp.cpp; path = dtor.cpp; sourceTree = "<group>"; };
		2DF6585B168D21F900C198D3 /* dumpEnv.cpp */ = {isa = PBXFileReference; fileEncoding = 4; lastKnownFileType = sourcecode.cpp.cpp; path = dumpEnv.cpp; sourceTree = "<group>"; };
		2DF6585C168D21F900C198D3 /* getEnv.cpp */ = {isa = PBXFileReference; fileEncoding = 4; lastKnownFileType = sourcecode.cpp.cpp; path = getEnv.cpp; sourceTree = "<group>"; };
		2DF6585E168D21F900C198D3 /* local.hpp */ = {isa = PBXFileReference; fileEncoding = 4; lastKnownFileType = sourcecode.cpp.h; path = local.hpp; sourceTree = "<group>"; };
		2DF65860168D21F900C198D3 /* returnVariables.cpp */ = {isa = PBXFileReference; fileEncoding = 4; lastKnownFileType = sourcecode.cpp.cpp; path = returnVariables.cpp; sourceTree = "<group>"; };
		2DF65861168D21F900C198D3 /* CGI.hpp */ = {isa = PBXFileReference; fileEncoding = 4; lastKnownFileType = sourcecode.cpp.h; path = CGI.hpp; sourceTree = "<group>"; };
		2DF65864168D21F900C198D3 /* ctor.cpp */ = {isa = PBXFileReference; fileEncoding = 4; lastKnownFileType = sourcecode.cpp.cpp; path = ctor.cpp; sourceTree = "<group>"; };
		2DF65865168D21F900C198D3 /* dtor.cpp */ = {isa = PBXFileReference; fileEncoding = 4; lastKnownFileType = sourcecode.cpp.cpp; path = dtor.cpp; sourceTree = "<group>"; };
		2DF65867168D21F900C198D3 /* local.hpp */ = {isa = PBXFileReference; fileEncoding = 4; lastKnownFileType = sourcecode.cpp.h; path = local.hpp; sourceTree = "<group>"; };
		2DF65868168D21F900C198D3 /* Controller.hpp */ = {isa = PBXFileReference; fileEncoding = 4; lastKnownFileType = sourcecode.cpp.h; path = Controller.hpp; sourceTree = "<group>"; };
		2DF6586A168D21F900C198D3 /* local.hpp */ = {isa = PBXFileReference; fileEncoding = 4; lastKnownFileType = sourcecode.cpp.h; path = local.hpp; sourceTree = "<group>"; };
		2DF6586C168D21F900C198D3 /* ctor.cpp */ = {isa = PBXFileReference; fileEncoding = 4; lastKnownFileType = sourcecode.cpp.cpp; path = ctor.cpp; sourceTree = "<group>"; };
		2DF6586D168D21F900C198D3 /* dtor.cpp */ = {isa = PBXFileReference; fileEncoding = 4; lastKnownFileType = sourcecode.cpp.cpp; path = dtor.cpp; sourceTree = "<group>"; };
		2DF6586E168D21F900C198D3 /* local.hpp */ = {isa = PBXFileReference; fileEncoding = 4; lastKnownFileType = sourcecode.cpp.h; path = local.hpp; sourceTree = "<group>"; };
		2DF6586F168D21F900C198D3 /* push.cpp */ = {isa = PBXFileReference; fileEncoding = 4; lastKnownFileType = sourcecode.cpp.cpp; path = push.cpp; sourceTree = "<group>"; };
		2DF65870168D21F900C198D3 /* Model.hpp */ = {isa = PBXFileReference; fileEncoding = 4; lastKnownFileType = sourcecode.cpp.h; path = Model.hpp; sourceTree = "<group>"; };
		2DF65876168D21F900C198D3 /* ctor.cpp */ = {isa = PBXFileReference; fileEncoding = 4; lastKnownFileType = sourcecode.cpp.cpp; path = ctor.cpp; sourceTree = "<group>"; };
		2DF65877168D21F900C198D3 /* extractQueryStrings.cpp */ = {isa = PBXFileReference; fileEncoding = 4; lastKnownFileType = sourcecode.cpp.cpp; path = extractQueryStrings.cpp; sourceTree = "<group>"; };
		2DF65878168D21F900C198D3 /* local.hpp */ = {isa = PBXFileReference; fileEncoding = 4; lastKnownFileType = sourcecode.cpp.h; path = local.hpp; sourceTree = "<group>"; };
		2DF65879168D21F900C198D3 /* requestToPath.cpp */ = {isa = PBXFileReference; fileEncoding = 4; lastKnownFileType = sourcecode.cpp.cpp; path = requestToPath.cpp; sourceTree = "<group>"; };
		2DF6587A168D21F900C198D3 /* Request.hpp */ = {isa = PBXFileReference; fileEncoding = 4; lastKnownFileType = sourcecode.cpp.h; path = Request.hpp; sourceTree = "<group>"; };
		2DF6587E168D21F900C198D3 /* ctor.cpp */ = {isa = PBXFileReference; fileEncoding = 4; lastKnownFileType = sourcecode.cpp.cpp; path = ctor.cpp; sourceTree = "<group>"; };
		2DF6587F168D21F900C198D3 /* defaultController.cpp */ = {isa = PBXFileReference; fileEncoding = 4; lastKnownFileType = sourcecode.cpp.cpp; path = defaultController.cpp; sourceTree = "<group>"; };
		2DF65880168D21F900C198D3 /* dtor.cpp */ = {isa = PBXFileReference; fileEncoding = 4; lastKnownFileType = sourcecode.cpp.cpp; path = dtor.cpp; sourceTree = "<group>"; };
		2DF65881168D21F900C198D3 /* local.hpp */ = {isa = PBXFileReference; fileEncoding = 4; lastKnownFileType = sourcecode.cpp.h; path = local.hpp; sourceTree = "<group>"; };
		2DF65882168D21F900C198D3 /* route.cpp */ = {isa = PBXFileReference; fileEncoding = 4; lastKnownFileType = sourcecode.cpp.cpp; path = route.cpp; sourceTree = "<group>"; };
		2DF65883168D21F900C198D3 /* Router.hpp */ = {isa = PBXFileReference; fileEncoding = 4; lastKnownFileType = sourcecode.cpp.h; path = Router.hpp; sourceTree = "<group>"; };
		2DF65886168D21F900C198D3 /* ctor.cpp */ = {isa = PBXFileReference; fileEncoding = 4; lastKnownFileType = sourcecode.cpp.cpp; path = ctor.cpp; sourceTree = "<group>"; };
		2DF65887168D21F900C198D3 /* local.hpp */ = {isa = PBXFileReference; fileEncoding = 4; lastKnownFileType = sourcecode.cpp.h; path = local.hpp; sourceTree = "<group>"; };
		2DF65889168D21F900C198D3 /* Stack.hpp */ = {isa = PBXFileReference; fileEncoding = 4; lastKnownFileType = sourcecode.cpp.h; path = Stack.hpp; sourceTree = "<group>"; };
		2DF6588C168D21F900C198D3 /* local.hpp */ = {isa = PBXFileReference; fileEncoding = 4; lastKnownFileType = sourcecode.cpp.h; path = local.hpp; sourceTree = "<group>"; };
		2DF6588E168D21F900C198D3 /* close.cpp */ = {isa = PBXFileReference; fileEncoding = 4; lastKnownFileType = sourcecode.cpp.cpp; path = close.cpp; sourceTree = "<group>"; };
		2DF6588F168D21F900C198D3 /* ctor.cpp */ = {isa = PBXFileReference; fileEncoding = 4; lastKnownFileType = sourcecode.cpp.cpp; path = ctor.cpp; sourceTree = "<group>"; };
		2DF65890168D21F900C198D3 /* dtor.cpp */ = {isa = PBXFileReference; fileEncoding = 4; lastKnownFileType = sourcecode.cpp.cpp; path = dtor.cpp; sourceTree = "<group>"; };
		2DF65891168D21F900C198D3 /* flush.cpp */ = {isa = PBXFileReference; fileEncoding = 4; lastKnownFileType = sourcecode.cpp.cpp; path = flush.cpp; sourceTree = "<group>"; };
		2DF65892168D21F900C198D3 /* logVar.cpp */ = {isa = PBXFileReference; fileEncoding = 4; lastKnownFileType = sourcecode.cpp.cpp; path = logVar.cpp; sourceTree = "<group>"; };
		2DF65893168D21F900C198D3 /* open.cpp */ = {isa = PBXFileReference; fileEncoding = 4; lastKnownFileType = sourcecode.cpp.cpp; path = open.cpp; sourceTree = "<group>"; };
		2DF65894168D21F900C198D3 /* redirect.cpp */ = {isa = PBXFileReference; fileEncoding = 4; lastKnownFileType = sourcecode.cpp.cpp; path = redirect.cpp; sourceTree = "<group>"; };
		2DF65895168D21F900C198D3 /* write.cpp */ = {isa = PBXFileReference; fileEncoding = 4; lastKnownFileType = sourcecode.cpp.cpp; path = write.cpp; sourceTree = "<group>"; };
		2DF65896168D21F900C198D3 /* Stream.hpp */ = {isa = PBXFileReference; fileEncoding = 4; lastKnownFileType = sourcecode.cpp.h; path = Stream.hpp; sourceTree = "<group>"; };
		2DF65898168D21F900C198D3 /* add.cpp */ = {isa = PBXFileReference; fileEncoding = 4; lastKnownFileType = sourcecode.cpp.cpp; path = add.cpp; sourceTree = "<group>"; };
		2DF65899168D21F900C198D3 /* ctor.cpp */ = {isa = PBXFileReference; fileEncoding = 4; lastKnownFileType = sourcecode.cpp.cpp; path = ctor.cpp; sourceTree = "<group>"; };
		2DF6589A168D21F900C198D3 /* dtor.cpp */ = {isa = PBXFileReference; fileEncoding = 4; lastKnownFileType = sourcecode.cpp.cpp; path = dtor.cpp; sourceTree = "<group>"; };
		2DF6589B168D21F900C198D3 /* dump.cpp */ = {isa = PBXFileReference; fileEncoding = 4; lastKnownFileType = sourcecode.cpp.cpp; path = dump.cpp; sourceTree = "<group>"; };
		2DF6589C168D21F900C198D3 /* hash.cpp */ = {isa = PBXFileReference; fileEncoding = 4; lastKnownFileType = sourcecode.cpp.cpp; path = hash.cpp; sourceTree = "<group>"; };
		2DF6589D168D21F900C198D3 /* local.hpp */ = {isa = PBXFileReference; fileEncoding = 4; lastKnownFileType = sourcecode.cpp.h; path = local.hpp; sourceTree = "<group>"; };
		2DF6589E168D21F900C198D3 /* lookup.cpp */ = {isa = PBXFileReference; fileEncoding = 4; lastKnownFileType = sourcecode.cpp.cpp; path = lookup.cpp; sourceTree = "<group>"; };
		2DF658A0168D21F900C198D3 /* SymbolTable.hpp */ = {isa = PBXFileReference; fileEncoding = 4; lastKnownFileType = sourcecode.cpp.h; path = SymbolTable.hpp; sourceTree = "<group>"; };
		2DF658A2168D21F900C198D3 /* asCString.cpp */ = {isa = PBXFileReference; fileEncoding = 4; lastKnownFileType = sourcecode.cpp.cpp; path = asCString.cpp; sourceTree = "<group>"; };
		2DF658A3168D21F900C198D3 /* ctor.cpp */ = {isa = PBXFileReference; fileEncoding = 4; lastKnownFileType = sourcecode.cpp.cpp; path = ctor.cpp; sourceTree = "<group>"; };
		2DF658A4168D21F900C198D3 /* dtor.cpp */ = {isa = PBXFileReference; fileEncoding = 4; lastKnownFileType = sourcecode.cpp.cpp; path = dtor.cpp; sourceTree = "<group>"; };
		2DF658A5168D21F900C198D3 /* fromFile.cpp */ = {isa = PBXFileReference; fileEncoding = 4; lastKnownFileType = sourcecode.cpp.cpp; path = fromFile.cpp; sourceTree = "<group>"; };
		2DF658A6168D21F900C198D3 /* local.hpp */ = {isa = PBXFileReference; fileEncoding = 4; lastKnownFileType = sourcecode.cpp.h; path = local.hpp; sourceTree = "<group>"; };
		2DF658A7168D21F900C198D3 /* release.cpp */ = {isa = PBXFileReference; fileEncoding = 4; lastKnownFileType = sourcecode.cpp.cpp; path = release.cpp; sourceTree = "<group>"; };
		2DF658A8168D21F900C198D3 /* Text.hpp */ = {isa = PBXFileReference; fileEncoding = 4; lastKnownFileType = sourcecode.cpp.h; path = Text.hpp; sourceTree = "<group>"; };
		2DF658AA168D21F900C198D3 /* abspath.cpp */ = {isa = PBXFileReference; fileEncoding = 4; lastKnownFileType = sourcecode.cpp.cpp; path = abspath.cpp; sourceTree = "<group>"; };
		2DF658AB168D21F900C198D3 /* local.hpp */ = {isa = PBXFileReference; fileEncoding = 4; lastKnownFileType = sourcecode.cpp.h; path = local.hpp; sourceTree = "<group>"; };
		2DF658AC168D21F900C198D3 /* strcat.cpp */ = {isa = PBXFileReference; fileEncoding = 4; lastKnownFileType = sourcecode.cpp.cpp; path = strcat.cpp; sourceTree = "<group>"; };
		2DF658AD168D21F900C198D3 /* strcmp.cpp */ = {isa = PBXFileReference; fileEncoding = 4; lastKnownFileType = sourcecode.cpp.cpp; path = strcmp.cpp; sourceTree = "<group>"; };
		2DF658AE168D21F900C198D3 /* strdup.cpp */ = {isa = PBXFileReference; fileEncoding = 4; lastKnownFileType = sourcecode.cpp.cpp; path = strdup.cpp; sourceTree = "<group>"; };
		2DF658AF168D21F900C198D3 /* Util.hpp */ = {isa = PBXFileReference; fileEncoding = 4; lastKnownFileType = sourcecode.cpp.h; path = Util.hpp; sourceTree = "<group>"; };
		2DF658B1168D21F900C198D3 /* ctor.cpp */ = {isa = PBXFileReference; fileEncoding = 4; lastKnownFileType = sourcecode.cpp.cpp; path = ctor.cpp; sourceTree = "<group>"; };
		2DF658B2168D21F900C198D3 /* dtor.cpp */ = {isa = PBXFileReference; fileEncoding = 4; lastKnownFileType = sourcecode.cpp.cpp; path = dtor.cpp; sourceTree = "<group>"; };
		2DF658B4168D21F900C198D3 /* local.hpp */ = {isa = PBXFileReference; fileEncoding = 4; lastKnownFileType = sourcecode.cpp.h; path = local.hpp; sourceTree = "<group>"; };
		2DF658B6168D21F900C198D3 /* value.cpp */ = {isa = PBXFileReference; fileEncoding = 4; lastKnownFileType = sourcecode.cpp.cpp; path = value.cpp; sourceTree = "<group>"; };
		2DF658B7168D21F900C198D3 /* Variable.hpp */ = {isa = PBXFileReference; fileEncoding = 4; lastKnownFileType = sourcecode.cpp.h; path = Variable.hpp; sourceTree = "<group>"; };
		2DF658BE168D21F900C198D3 /* local.hpp */ = {isa = PBXFileReference; fileEncoding = 4; lastKnownFileType = sourcecode.cpp.h; path = local.hpp; sourceTree = "<group>"; };
		2DF658C1168D21F900C198D3 /* canHandle.cpp */ = {isa = PBXFileReference; fileEncoding = 4; lastKnownFileType = sourcecode.cpp.cpp; path = canHandle.cpp; sourceTree = "<group>"; };
		2DF658C2168D21F900C198D3 /* ctor.cpp */ = {isa = PBXFileReference; fileEncoding = 4; lastKnownFileType = sourcecode.cpp.cpp; path = ctor.cpp; sourceTree = "<group>"; };
		2DF658C3168D21F900C198D3 /* dtor.cpp */ = {isa = PBXFileReference; fileEncoding = 4; lastKnownFileType = sourcecode.cpp.cpp; path = dtor.cpp; sourceTree = "<group>"; };
		2DF658C4168D21F900C198D3 /* handle.cpp */ = {isa = PBXFileReference; fileEncoding = 4; lastKnownFileType = sourcecode.cpp.cpp; path = handle.cpp; sourceTree = "<group>"; };
		2DF658C5168D21F900C198D3 /* local.hpp */ = {isa = PBXFileReference; fileEncoding = 4; lastKnownFileType = sourcecode.cpp.h; path = local.hpp; sourceTree = "<group>"; };
		2DF658C7168D21F900C198D3 /* ctor.cpp */ = {isa = PBXFileReference; fileEncoding = 4; lastKnownFileType = sourcecode.cpp.cpp; path = ctor.cpp; sourceTree = "<group>"; };
		2DF658C8168D21F900C198D3 /* dtor.cpp */ = {isa = PBXFileReference; fileEncoding = 4; lastKnownFileType = sourcecode.cpp.cpp; path = dtor.cpp; sourceTree = "<group>"; };
		2DF658C9168D21F900C198D3 /* push.cpp */ = {isa = PBXFileReference; fileEncoding = 4; lastKnownFileType = sourcecode.cpp.cpp; path = push.cpp; sourceTree = "<group>"; };
		2DF65910168D24C900C198D3 /* exportToSymTab.cpp */ = {isa = PBXFileReference; fileEncoding = 4; lastKnownFileType = sourcecode.cpp.cpp; path = exportToSymTab.cpp; sourceTree = "<group>"; };
		2DF65916168D5F0100C198D3 /* init.cpp */ = {isa = PBXFileReference; fileEncoding = 4; lastKnownFileType = sourcecode.cpp.cpp; path = init.cpp; sourceTree = "<group>"; };
		2DF65918168D5F6C00C198D3 /* clearValues.cpp */ = {isa = PBXFileReference; fileEncoding = 4; lastKnownFileType = sourcecode.cpp.cpp; path = clearValues.cpp; sourceTree = "<group>"; };
		2DF6591A168D6ABE00C198D3 /* kind.cpp */ = {isa = PBXFileReference; fileEncoding = 4; lastKnownFileType = sourcecode.cpp.cpp; path = kind.cpp; sourceTree = "<group>"; };
		2DF6591C168D76DC00C198D3 /* dtor.cpp */ = {isa = PBXFileReference; fileEncoding = 4; lastKnownFileType = sourcecode.cpp.cpp; path = dtor.cpp; sourceTree = "<group>"; };
		2DF65920168D776800C198D3 /* strcopy.cpp */ = {isa = PBXFileReference; fileEncoding = 4; lastKnownFileType = sourcecode.cpp.cpp; path = strcopy.cpp; sourceTree = "<group>"; };
		2DF65922168E03AB00C198D3 /* remove.cpp */ = {isa = PBXFileReference; fileEncoding = 4; lastKnownFileType = sourcecode.cpp.cpp; path = remove.cpp; sourceTree = "<group>"; };
/* End PBXFileReference section */

/* Begin PBXFrameworksBuildPhase section */
		2DF65840168D1E7600C198D3 /* Frameworks */ = {
			isa = PBXFrameworksBuildPhase;
			buildActionMask = 2147483647;
			files = (
				2DEE1869168E386F00C3ACCC /* libsqlite3.dylib in Frameworks */,
			);
			runOnlyForDeploymentPostprocessing = 0;
		};
/* End PBXFrameworksBuildPhase section */

/* Begin PBXGroup section */
		2D2E19F0168F91BA00BCB6BA /* template */ = {
			isa = PBXGroup;
			children = (
				2D2E19F1168F928800BCB6BA /* templateFile.cpp */,
				2D2E19F3168F979400BCB6BA /* templateText.cpp */,
				2D2E19F5168F9A4900BCB6BA /* template.cpp */,
			);
			path = template;
			sourceTree = "<group>";
		};
		2DF65838168D1E7600C198D3 = {
			isa = PBXGroup;
			children = (
				2DEE1868168E386F00C3ACCC /* libsqlite3.dylib */,
				2DF65846168D1E7600C198D3 /* static */,
				2DF65844168D1E7600C198D3 /* Products */,
			);
			sourceTree = "<group>";
		};
		2DF65844168D1E7600C198D3 /* Products */ = {
			isa = PBXGroup;
			children = (
				2DF65843168D1E7600C198D3 /* static */,
			);
			name = Products;
			sourceTree = "<group>";
		};
		2DF65846168D1E7600C198D3 /* static */ = {
			isa = PBXGroup;
			children = (
				2DF65856168D21F900C198D3 /* lib.nftm */,
				2DF658BE168D21F900C198D3 /* local.hpp */,
				2DF65847168D1E7600C198D3 /* main.cpp */,
				2DF65850168D21F900C198D3 /* controller */,
				2DF658BF168D21F900C198D3 /* post */,
				2DF65849168D1E7600C198D3 /* static.1 */,
			);
			path = static;
			sourceTree = "<group>";
		};
		2DF65850168D21F900C198D3 /* controller */ = {
			isa = PBXGroup;
			children = (
				2DF65851168D21F900C198D3 /* default */,
				2DF65855168D21F900C198D3 /* Default.hpp */,
			);
			path = controller;
			sourceTree = "<group>";
		};
		2DF65851168D21F900C198D3 /* default */ = {
			isa = PBXGroup;
			children = (
				2DF65852168D21F900C198D3 /* canHandle.cpp */,
				2DF65853168D21F900C198D3 /* handle.cpp */,
			);
			path = default;
			sourceTree = "<group>";
		};
		2DF65856168D21F900C198D3 /* lib.nftm */ = {
			isa = PBXGroup;
			children = (
				2DF65857168D21F900C198D3 /* Cell.hpp */,
				2DF65858168D21F900C198D3 /* cgi */,
				2DF65861168D21F900C198D3 /* CGI.hpp */,
				2DF65862168D21F900C198D3 /* controller */,
				2DF65868168D21F900C198D3 /* Controller.hpp */,
				2DF6586A168D21F900C198D3 /* local.hpp */,
				2DF6586B168D21F900C198D3 /* model */,
				2DF65870168D21F900C198D3 /* Model.hpp */,
				2DF65875168D21F900C198D3 /* request */,
				2DF6587A168D21F900C198D3 /* Request.hpp */,
				2DF6587B168D21F900C198D3 /* router */,
				2DF65883168D21F900C198D3 /* Router.hpp */,
				2DF65884168D21F900C198D3 /* stack */,
				2DF65889168D21F900C198D3 /* Stack.hpp */,
				2DF6588A168D21F900C198D3 /* stream */,
				2DF65896168D21F900C198D3 /* Stream.hpp */,
				2DF65897168D21F900C198D3 /* symbolTable */,
				2DF658A0168D21F900C198D3 /* SymbolTable.hpp */,
				2D2E19F0168F91BA00BCB6BA /* template */,
				2D2E19EF168F90FC00BCB6BA /* Template.hpp */,
				2DF658A1168D21F900C198D3 /* text */,
				2DF658A8168D21F900C198D3 /* Text.hpp */,
				2DF658A9168D21F900C198D3 /* util */,
				2DF658AF168D21F900C198D3 /* Util.hpp */,
				2DF658B0168D21F900C198D3 /* variable */,
				2DF658B7168D21F900C198D3 /* Variable.hpp */,
			);
			path = lib.nftm;
			sourceTree = "<group>";
		};
		2DF65858168D21F900C198D3 /* cgi */ = {
			isa = PBXGroup;
			children = (
				2DF65859168D21F900C198D3 /* ctor.cpp */,
				2DF6585A168D21F900C198D3 /* dtor.cpp */,
				2DF6585B168D21F900C198D3 /* dumpEnv.cpp */,
				2DF6585C168D21F900C198D3 /* getEnv.cpp */,
				2DF6585E168D21F900C198D3 /* local.hpp */,
				2DF65860168D21F900C198D3 /* returnVariables.cpp */,
				2DF65910168D24C900C198D3 /* exportToSymTab.cpp */,
			);
			path = cgi;
			sourceTree = "<group>";
		};
		2DF65862168D21F900C198D3 /* controller */ = {
			isa = PBXGroup;
			children = (
				2DF65864168D21F900C198D3 /* ctor.cpp */,
				2DF65865168D21F900C198D3 /* dtor.cpp */,
				2DF65867168D21F900C198D3 /* local.hpp */,
			);
			path = controller;
			sourceTree = "<group>";
		};
		2DF6586B168D21F900C198D3 /* model */ = {
			isa = PBXGroup;
			children = (
				2DF6586C168D21F900C198D3 /* ctor.cpp */,
				2DF6586D168D21F900C198D3 /* dtor.cpp */,
				2DF6586E168D21F900C198D3 /* local.hpp */,
				2DF6586F168D21F900C198D3 /* push.cpp */,
				2D4C887B168E516B00B7E4D8 /* pull.cpp */,
			);
			path = model;
			sourceTree = "<group>";
		};
		2DF65875168D21F900C198D3 /* request */ = {
			isa = PBXGroup;
			children = (
				2DF65876168D21F900C198D3 /* ctor.cpp */,
				2DF65877168D21F900C198D3 /* extractQueryStrings.cpp */,
				2DF65878168D21F900C198D3 /* local.hpp */,
				2DF65879168D21F900C198D3 /* requestToPath.cpp */,
				2DEE1866168E31B100C3ACCC /* dump.cpp */,
			);
			path = request;
			sourceTree = "<group>";
		};
		2DF6587B168D21F900C198D3 /* router */ = {
			isa = PBXGroup;
			children = (
				2DF65881168D21F900C198D3 /* local.hpp */,
				2DF6587E168D21F900C198D3 /* ctor.cpp */,
				2DF65880168D21F900C198D3 /* dtor.cpp */,
				2DF6587F168D21F900C198D3 /* defaultController.cpp */,
				2DF65882168D21F900C198D3 /* route.cpp */,
				2D2E19F9168FAB4C00BCB6BA /* addController.cpp */,
			);
			path = router;
			sourceTree = "<group>";
		};
		2DF65884168D21F900C198D3 /* stack */ = {
			isa = PBXGroup;
			children = (
				2DF65887168D21F900C198D3 /* local.hpp */,
				2DF65886168D21F900C198D3 /* ctor.cpp */,
				2DF6591C168D76DC00C198D3 /* dtor.cpp */,
				2DEE6CEB168FCD0700BC9A00 /* stack.cpp */,
			);
			path = stack;
			sourceTree = "<group>";
		};
		2DF6588A168D21F900C198D3 /* stream */ = {
			isa = PBXGroup;
			children = (
				2DF6588C168D21F900C198D3 /* local.hpp */,
				2DF6588B168D21F900C198D3 /* input */,
				2DF6588D168D21F900C198D3 /* output */,
			);
			path = stream;
			sourceTree = "<group>";
		};
		2DF6588B168D21F900C198D3 /* input */ = {
			isa = PBXGroup;
			children = (
			);
			path = input;
			sourceTree = "<group>";
		};
		2DF6588D168D21F900C198D3 /* output */ = {
			isa = PBXGroup;
			children = (
				2DF6588E168D21F900C198D3 /* close.cpp */,
				2DF6588F168D21F900C198D3 /* ctor.cpp */,
				2DF65890168D21F900C198D3 /* dtor.cpp */,
				2DF65891168D21F900C198D3 /* flush.cpp */,
				2DF65892168D21F900C198D3 /* logVar.cpp */,
				2DF65893168D21F900C198D3 /* open.cpp */,
				2DF65894168D21F900C198D3 /* redirect.cpp */,
				2DF65895168D21F900C198D3 /* write.cpp */,
			);
			path = output;
			sourceTree = "<group>";
		};
		2DF65897168D21F900C198D3 /* symbolTable */ = {
			isa = PBXGroup;
			children = (
				2DF65898168D21F900C198D3 /* add.cpp */,
				2DF65899168D21F900C198D3 /* ctor.cpp */,
				2DF6589A168D21F900C198D3 /* dtor.cpp */,
				2DF6589B168D21F900C198D3 /* dump.cpp */,
				2DF6589C168D21F900C198D3 /* hash.cpp */,
				2DF6589D168D21F900C198D3 /* local.hpp */,
				2DF6589E168D21F900C198D3 /* lookup.cpp */,
				2DF65922168E03AB00C198D3 /* remove.cpp */,
			);
			path = symbolTable;
			sourceTree = "<group>";
		};
		2DF658A1168D21F900C198D3 /* text */ = {
			isa = PBXGroup;
			children = (
				2DF658A2168D21F900C198D3 /* asCString.cpp */,
				2DF658A3168D21F900C198D3 /* ctor.cpp */,
				2DF658A4168D21F900C198D3 /* dtor.cpp */,
				2DF658A5168D21F900C198D3 /* fromFile.cpp */,
				2DF658A6168D21F900C198D3 /* local.hpp */,
				2DF658A7168D21F900C198D3 /* release.cpp */,
			);
			path = text;
			sourceTree = "<group>";
		};
		2DF658A9168D21F900C198D3 /* util */ = {
			isa = PBXGroup;
			children = (
				2DF658AA168D21F900C198D3 /* abspath.cpp */,
				2DF658AB168D21F900C198D3 /* local.hpp */,
				2DF658AC168D21F900C198D3 /* strcat.cpp */,
				2DF658AD168D21F900C198D3 /* strcmp.cpp */,
				2DF658AE168D21F900C198D3 /* strdup.cpp */,
				2DF65920168D776800C198D3 /* strcopy.cpp */,
			);
			path = util;
			sourceTree = "<group>";
		};
		2DF658B0168D21F900C198D3 /* variable */ = {
			isa = PBXGroup;
			children = (
				2DF658B4168D21F900C198D3 /* local.hpp */,
				2DF658B1168D21F900C198D3 /* ctor.cpp */,
				2DF658B2168D21F900C198D3 /* dtor.cpp */,
				2DF658B6168D21F900C198D3 /* value.cpp */,
				2DF65916168D5F0100C198D3 /* init.cpp */,
				2DF65918168D5F6C00C198D3 /* clearValues.cpp */,
				2DF6591A168D6ABE00C198D3 /* kind.cpp */,
				2DEE1863168E2CE500C3ACCC /* dump.cpp */,
				2D2E19EB168F7F7100BCB6BA /* varText.cpp */,
				2D2E19ED168F847000BCB6BA /* varNumber.cpp */,
				2DEE6CEF168FFE3300BC9A00 /* loadAllVarFunctions.cpp */,
				2DEE6CF1168FFF7D00BC9A00 /* varFunction.cpp */,
			);
			path = variable;
			sourceTree = "<group>";
		};
		2DF658BF168D21F900C198D3 /* post */ = {
			isa = PBXGroup;
			children = (
				2DF658C0168D21F900C198D3 /* controller */,
				2DF658C5168D21F900C198D3 /* local.hpp */,
				2DF658C6168D21F900C198D3 /* model */,
			);
			path = post;
			sourceTree = "<group>";
		};
		2DF658C0168D21F900C198D3 /* controller */ = {
			isa = PBXGroup;
			children = (
				2DF658C1168D21F900C198D3 /* canHandle.cpp */,
				2DF658C2168D21F900C198D3 /* ctor.cpp */,
				2DF658C3168D21F900C198D3 /* dtor.cpp */,
				2DF658C4168D21F900C198D3 /* handle.cpp */,
			);
			path = controller;
			sourceTree = "<group>";
		};
		2DF658C6168D21F900C198D3 /* model */ = {
			isa = PBXGroup;
			children = (
				2DF658C7168D21F900C198D3 /* ctor.cpp */,
				2DF658C8168D21F900C198D3 /* dtor.cpp */,
				2DF658C9168D21F900C198D3 /* push.cpp */,
				2D4C8878168E502D00B7E4D8 /* pull.cpp */,
			);
			path = model;
			sourceTree = "<group>";
		};
/* End PBXGroup section */

/* Begin PBXNativeTarget section */
		2DF65842168D1E7600C198D3 /* static */ = {
			isa = PBXNativeTarget;
			buildConfigurationList = 2DF6584D168D1E7600C198D3 /* Build configuration list for PBXNativeTarget "static" */;
			buildPhases = (
				2DF6583F168D1E7600C198D3 /* Sources */,
				2DF65840168D1E7600C198D3 /* Frameworks */,
				2DF65841168D1E7600C198D3 /* CopyFiles */,
			);
			buildRules = (
			);
			dependencies = (
			);
			name = static;
			productName = static;
			productReference = 2DF65843168D1E7600C198D3 /* static */;
			productType = "com.apple.product-type.tool";
		};
/* End PBXNativeTarget section */

/* Begin PBXProject section */
		2DF6583A168D1E7600C198D3 /* Project object */ = {
			isa = PBXProject;
			attributes = {
				LastUpgradeCheck = 0450;
				ORGANIZATIONNAME = "Michael Henderson";
			};
			buildConfigurationList = 2DF6583D168D1E7600C198D3 /* Build configuration list for PBXProject "static" */;
			compatibilityVersion = "Xcode 3.2";
			developmentRegion = English;
			hasScannedForEncodings = 0;
			knownRegions = (
				en,
			);
			mainGroup = 2DF65838168D1E7600C198D3;
			productRefGroup = 2DF65844168D1E7600C198D3 /* Products */;
			projectDirPath = "";
			projectRoot = "";
			targets = (
				2DF65842168D1E7600C198D3 /* static */,
			);
		};
/* End PBXProject section */

/* Begin PBXSourcesBuildPhase section */
		2DF6583F168D1E7600C198D3 /* Sources */ = {
			isa = PBXSourcesBuildPhase;
			buildActionMask = 2147483647;
			files = (
				2DF65848168D1E7600C198D3 /* main.cpp in Sources */,
				2DF658CA168D21F900C198D3 /* canHandle.cpp in Sources */,
				2DF658CB168D21F900C198D3 /* handle.cpp in Sources */,
				2DF658CD168D21F900C198D3 /* ctor.cpp in Sources */,
				2DF658CE168D21F900C198D3 /* dtor.cpp in Sources */,
				2DF658CF168D21F900C198D3 /* dumpEnv.cpp in Sources */,
				2DF658D0168D21F900C198D3 /* getEnv.cpp in Sources */,
				2DF658D3168D21F900C198D3 /* returnVariables.cpp in Sources */,
				2DF658D5168D21F900C198D3 /* ctor.cpp in Sources */,
				2DF658D6168D21F900C198D3 /* dtor.cpp in Sources */,
				2DF658D8168D21F900C198D3 /* ctor.cpp in Sources */,
				2DF658D9168D21F900C198D3 /* dtor.cpp in Sources */,
				2DF658DA168D21F900C198D3 /* push.cpp in Sources */,
				2DF658DC168D21F900C198D3 /* ctor.cpp in Sources */,
				2DF658DD168D21F900C198D3 /* extractQueryStrings.cpp in Sources */,
				2DF658DE168D21F900C198D3 /* requestToPath.cpp in Sources */,
				2DF658E0168D21F900C198D3 /* ctor.cpp in Sources */,
				2DF658E1168D21F900C198D3 /* defaultController.cpp in Sources */,
				2DF658E2168D21F900C198D3 /* dtor.cpp in Sources */,
				2DF658E3168D21F900C198D3 /* route.cpp in Sources */,
				2DF658E5168D21F900C198D3 /* ctor.cpp in Sources */,
				2DF658E7168D21F900C198D3 /* close.cpp in Sources */,
				2DF658E8168D21F900C198D3 /* ctor.cpp in Sources */,
				2DF658E9168D21F900C198D3 /* dtor.cpp in Sources */,
				2DF658EA168D21F900C198D3 /* flush.cpp in Sources */,
				2DF658EB168D21F900C198D3 /* logVar.cpp in Sources */,
				2DF658EC168D21F900C198D3 /* open.cpp in Sources */,
				2DF658ED168D21F900C198D3 /* redirect.cpp in Sources */,
				2DF658EE168D21F900C198D3 /* write.cpp in Sources */,
				2DF658EF168D21F900C198D3 /* add.cpp in Sources */,
				2DF658F0168D21F900C198D3 /* ctor.cpp in Sources */,
				2DF658F1168D21F900C198D3 /* dtor.cpp in Sources */,
				2DF658F2168D21F900C198D3 /* dump.cpp in Sources */,
				2DF658F3168D21F900C198D3 /* hash.cpp in Sources */,
				2DF658F4168D21F900C198D3 /* lookup.cpp in Sources */,
				2DF658F6168D21F900C198D3 /* asCString.cpp in Sources */,
				2DF658F7168D21F900C198D3 /* ctor.cpp in Sources */,
				2DF658F8168D21F900C198D3 /* dtor.cpp in Sources */,
				2DF658F9168D21F900C198D3 /* fromFile.cpp in Sources */,
				2DF658FA168D21F900C198D3 /* release.cpp in Sources */,
				2DF658FB168D21F900C198D3 /* abspath.cpp in Sources */,
				2DF658FC168D21F900C198D3 /* strcat.cpp in Sources */,
				2DF658FD168D21F900C198D3 /* strcmp.cpp in Sources */,
				2DF658FE168D21F900C198D3 /* strdup.cpp in Sources */,
				2DF658FF168D21F900C198D3 /* ctor.cpp in Sources */,
				2DF65900168D21F900C198D3 /* dtor.cpp in Sources */,
				2DF65903168D21F900C198D3 /* value.cpp in Sources */,
				2DF65907168D21F900C198D3 /* canHandle.cpp in Sources */,
				2DF65908168D21F900C198D3 /* ctor.cpp in Sources */,
				2DF65909168D21F900C198D3 /* dtor.cpp in Sources */,
				2DF6590A168D21F900C198D3 /* handle.cpp in Sources */,
				2DF6590B168D21F900C198D3 /* ctor.cpp in Sources */,
				2DF6590C168D21F900C198D3 /* dtor.cpp in Sources */,
				2DF6590D168D21F900C198D3 /* push.cpp in Sources */,
				2DF65911168D24C900C198D3 /* exportToSymTab.cpp in Sources */,
				2DF65917168D5F0100C198D3 /* init.cpp in Sources */,
				2DF65919168D5F6C00C198D3 /* clearValues.cpp in Sources */,
				2DF6591B168D6ABE00C198D3 /* kind.cpp in Sources */,
				2DF6591D168D76DC00C198D3 /* dtor.cpp in Sources */,
				2DF65921168D776800C198D3 /* strcopy.cpp in Sources */,
				2DF65923168E03AB00C198D3 /* remove.cpp in Sources */,
				2DEE1864168E2CE500C3ACCC /* dump.cpp in Sources */,
				2DEE1867168E31B100C3ACCC /* dump.cpp in Sources */,
				2D4C8879168E502D00B7E4D8 /* pull.cpp in Sources */,
				2D4C887C168E516B00B7E4D8 /* pull.cpp in Sources */,
				2D2E19EC168F7F7100BCB6BA /* varText.cpp in Sources */,
				2D2E19EE168F847000BCB6BA /* varNumber.cpp in Sources */,
				2D2E19F2168F928800BCB6BA /* templateFile.cpp in Sources */,
				2D2E19F4168F979400BCB6BA /* templateText.cpp in Sources */,
				2D2E19F6168F9A4900BCB6BA /* template.cpp in Sources */,
				2D2E19FA168FAB4C00BCB6BA /* addController.cpp in Sources */,
				2DEE6CEC168FCD0700BC9A00 /* stack.cpp in Sources */,
				2DEE6CF0168FFE3300BC9A00 /* loadAllVarFunctions.cpp in Sources */,
				2DEE6CF2168FFF7D00BC9A00 /* varFunction.cpp in Sources */,
			);
			runOnlyForDeploymentPostprocessing = 0;
		};
/* End PBXSourcesBuildPhase section */

/* Begin XCBuildConfiguration section */
		2DF6584B168D1E7600C198D3 /* Debug */ = {
			isa = XCBuildConfiguration;
			buildSettings = {
				ALWAYS_SEARCH_USER_PATHS = NO;
				ARCHS = "$(ARCHS_STANDARD_64_BIT)";
				CLANG_CXX_LANGUAGE_STANDARD = "gnu++0x";
				CLANG_CXX_LIBRARY = "libc++";
				CLANG_WARN_EMPTY_BODY = YES;
				CLANG_WARN__DUPLICATE_METHOD_MATCH = YES;
				COPY_PHASE_STRIP = NO;
				GCC_C_LANGUAGE_STANDARD = gnu99;
				GCC_DYNAMIC_NO_PIC = NO;
				GCC_ENABLE_OBJC_EXCEPTIONS = YES;
				GCC_OPTIMIZATION_LEVEL = 0;
				GCC_PREPROCESSOR_DEFINITIONS = (
					"DEBUG=1",
					"$(inherited)",
				);
				GCC_SYMBOLS_PRIVATE_EXTERN = NO;
				GCC_WARN_64_TO_32_BIT_CONVERSION = YES;
				GCC_WARN_ABOUT_RETURN_TYPE = YES;
				GCC_WARN_UNINITIALIZED_AUTOS = YES;
				GCC_WARN_UNUSED_VARIABLE = YES;
				MACOSX_DEPLOYMENT_TARGET = 10.8;
				ONLY_ACTIVE_ARCH = YES;
				SDKROOT = macosx;
			};
			name = Debug;
		};
		2DF6584C168D1E7600C198D3 /* Release */ = {
			isa = XCBuildConfiguration;
			buildSettings = {
				ALWAYS_SEARCH_USER_PATHS = NO;
				ARCHS = "$(ARCHS_STANDARD_64_BIT)";
				CLANG_CXX_LANGUAGE_STANDARD = "gnu++0x";
				CLANG_CXX_LIBRARY = "libc++";
				CLANG_WARN_EMPTY_BODY = YES;
				CLANG_WARN__DUPLICATE_METHOD_MATCH = YES;
				COPY_PHASE_STRIP = YES;
				DEBUG_INFORMATION_FORMAT = "dwarf-with-dsym";
				GCC_C_LANGUAGE_STANDARD = gnu99;
				GCC_ENABLE_OBJC_EXCEPTIONS = YES;
				GCC_WARN_64_TO_32_BIT_CONVERSION = YES;
				GCC_WARN_ABOUT_RETURN_TYPE = YES;
				GCC_WARN_UNINITIALIZED_AUTOS = YES;
				GCC_WARN_UNUSED_VARIABLE = YES;
				MACOSX_DEPLOYMENT_TARGET = 10.8;
				SDKROOT = macosx;
			};
			name = Release;
		};
		2DF6584E168D1E7600C198D3 /* Debug */ = {
			isa = XCBuildConfiguration;
			buildSettings = {
				PRODUCT_NAME = "$(TARGET_NAME)";
			};
			name = Debug;
		};
		2DF6584F168D1E7600C198D3 /* Release */ = {
			isa = XCBuildConfiguration;
			buildSettings = {
				PRODUCT_NAME = "$(TARGET_NAME)";
			};
			name = Release;
		};
/* End XCBuildConfiguration section */

/* Begin XCConfigurationList section */
		2DF6583D168D1E7600C198D3 /* Build configuration list for PBXProject "static" */ = {
			isa = XCConfigurationList;
			buildConfigurations = (
				2DF6584B168D1E7600C198D3 /* Debug */,
				2DF6584C168D1E7600C198D3 /* Release */,
			);
			defaultConfigurationIsVisible = 0;
			defaultConfigurationName = Release;
		};
		2DF6584D168D1E7600C198D3 /* Build configuration list for PBXNativeTarget "static" */ = {
			isa = XCConfigurationList;
			buildConfigurations = (
				2DF6584E168D1E7600C198D3 /* Debug */,
				2DF6584F168D1E7600C198D3 /* Release */,
			);
			defaultConfigurationIsVisible = 0;
			defaultConfigurationName = Release;
		};
/* End XCConfigurationList section */
	};
	rootObject = 2DF6583A168D1E7600C198D3 /* Project object */;
}
