// !$*UTF8*$!
{
	archiveVersion = 1;
	classes = {
	};
	objectVersion = 46;
	objects = {

/* Begin PBXBuildFile section */
		2D2E19FA168FAB4C00BCB6BA /* addController.cpp in Sources */ = {isa = PBXBuildFile; fileRef = 2D2E19F9168FAB4C00BCB6BA /* addController.cpp */; };
		2D4C887C168E516B00B7E4D8 /* pull.cpp in Sources */ = {isa = PBXBuildFile; fileRef = 2D4C887B168E516B00B7E4D8 /* pull.cpp */; };
		2D6782E016962D0C001070E4 /* articleController.cpp in Sources */ = {isa = PBXBuildFile; fileRef = 2D6782DF16962D0C001070E4 /* articleController.cpp */; };
		2D6782E3169650B7001070E4 /* articleModel.cpp in Sources */ = {isa = PBXBuildFile; fileRef = 2D6782E2169650B7001070E4 /* articleModel.cpp */; };
		2D6C695D1693C06B00BBBBDB /* outputStream.cpp in Sources */ = {isa = PBXBuildFile; fileRef = 2D6C695C1693C06B00BBBBDB /* outputStream.cpp */; };
		2DABC0CD16915BEF00B7C260 /* ast.cpp in Sources */ = {isa = PBXBuildFile; fileRef = 2DABC0CC16915BEE00B7C260 /* ast.cpp */; };
		2DABC0D01692019E00B7C260 /* function.cpp in Sources */ = {isa = PBXBuildFile; fileRef = 2DABC0CF1692019D00B7C260 /* function.cpp */; };
		2DABC0D2169232A700B7C260 /* symbolTable.cpp in Sources */ = {isa = PBXBuildFile; fileRef = 2DABC0D1169232A700B7C260 /* symbolTable.cpp */; };
		2DABC0D41692401600B7C260 /* variable.cpp in Sources */ = {isa = PBXBuildFile; fileRef = 2DABC0D31692401600B7C260 /* variable.cpp */; };
		2DABC0D6169246E100B7C260 /* stack.cpp in Sources */ = {isa = PBXBuildFile; fileRef = 2DABC0D5169246E000B7C260 /* stack.cpp */; };
		2DABC0DE16927D9700B7C260 /* loadFile.cpp in Sources */ = {isa = PBXBuildFile; fileRef = 2DABC0DD16927D9600B7C260 /* loadFile.cpp */; };
		2DABC0E21692A0A900B7C260 /* text.cpp in Sources */ = {isa = PBXBuildFile; fileRef = 2DABC0E11692A0A800B7C260 /* text.cpp */; };
		2DABC0E41692AA7200B7C260 /* request.cpp in Sources */ = {isa = PBXBuildFile; fileRef = 2DABC0E31692AA7100B7C260 /* request.cpp */; };
		2DABC0E61692C1F300B7C260 /* template.cpp in Sources */ = {isa = PBXBuildFile; fileRef = 2DABC0E51692C1F000B7C260 /* template.cpp */; };
		2DEE1869168E386F00C3ACCC /* libsqlite3.dylib in Frameworks */ = {isa = PBXBuildFile; fileRef = 2DEE1868168E386F00C3ACCC /* libsqlite3.dylib */; };
		2DF65848168D1E7600C198D3 /* main.cpp in Sources */ = {isa = PBXBuildFile; fileRef = 2DF65847168D1E7600C198D3 /* main.cpp */; };
		2DF6584A168D1E7600C198D3 /* static.1 in CopyFiles */ = {isa = PBXBuildFile; fileRef = 2DF65849168D1E7600C198D3 /* static.1 */; };
		2DF658CD168D21F900C198D3 /* ctor.cpp in Sources */ = {isa = PBXBuildFile; fileRef = 2DF65859168D21F900C198D3 /* ctor.cpp */; };
		2DF658CE168D21F900C198D3 /* dtor.cpp in Sources */ = {isa = PBXBuildFile; fileRef = 2DF6585A168D21F900C198D3 /* dtor.cpp */; };
		2DF658CF168D21F900C198D3 /* dumpEnv.cpp in Sources */ = {isa = PBXBuildFile; fileRef = 2DF6585B168D21F900C198D3 /* dumpEnv.cpp */; };
		2DF658D0168D21F900C198D3 /* getEnv.cpp in Sources */ = {isa = PBXBuildFile; fileRef = 2DF6585C168D21F900C198D3 /* getEnv.cpp */; };
		2DF658D5168D21F900C198D3 /* ctor.cpp in Sources */ = {isa = PBXBuildFile; fileRef = 2DF65864168D21F900C198D3 /* ctor.cpp */; };
		2DF658D6168D21F900C198D3 /* dtor.cpp in Sources */ = {isa = PBXBuildFile; fileRef = 2DF65865168D21F900C198D3 /* dtor.cpp */; };
		2DF658D8168D21F900C198D3 /* ctor.cpp in Sources */ = {isa = PBXBuildFile; fileRef = 2DF6586C168D21F900C198D3 /* ctor.cpp */; };
		2DF658D9168D21F900C198D3 /* dtor.cpp in Sources */ = {isa = PBXBuildFile; fileRef = 2DF6586D168D21F900C198D3 /* dtor.cpp */; };
		2DF658DA168D21F900C198D3 /* push.cpp in Sources */ = {isa = PBXBuildFile; fileRef = 2DF6586F168D21F900C198D3 /* push.cpp */; };
		2DF658E0168D21F900C198D3 /* ctor.cpp in Sources */ = {isa = PBXBuildFile; fileRef = 2DF6587E168D21F900C198D3 /* ctor.cpp */; };
		2DF658E1168D21F900C198D3 /* defaultController.cpp in Sources */ = {isa = PBXBuildFile; fileRef = 2DF6587F168D21F900C198D3 /* defaultController.cpp */; };
		2DF658E2168D21F900C198D3 /* dtor.cpp in Sources */ = {isa = PBXBuildFile; fileRef = 2DF65880168D21F900C198D3 /* dtor.cpp */; };
		2DF658E3168D21F900C198D3 /* route.cpp in Sources */ = {isa = PBXBuildFile; fileRef = 2DF65882168D21F900C198D3 /* route.cpp */; };
		2DF658FB168D21F900C198D3 /* abspath.cpp in Sources */ = {isa = PBXBuildFile; fileRef = 2DF658AA168D21F900C198D3 /* abspath.cpp */; };
		2DF658FC168D21F900C198D3 /* strcat.cpp in Sources */ = {isa = PBXBuildFile; fileRef = 2DF658AC168D21F900C198D3 /* strcat.cpp */; };
		2DF658FD168D21F900C198D3 /* strcmp.cpp in Sources */ = {isa = PBXBuildFile; fileRef = 2DF658AD168D21F900C198D3 /* strcmp.cpp */; };
		2DF658FE168D21F900C198D3 /* strdup.cpp in Sources */ = {isa = PBXBuildFile; fileRef = 2DF658AE168D21F900C198D3 /* strdup.cpp */; };
		2DF65911168D24C900C198D3 /* exportToSymTab.cpp in Sources */ = {isa = PBXBuildFile; fileRef = 2DF65910168D24C900C198D3 /* exportToSymTab.cpp */; };
		2DF65921168D776800C198D3 /* strcopy.cpp in Sources */ = {isa = PBXBuildFile; fileRef = 2DF65920168D776800C198D3 /* strcopy.cpp */; };
/* End PBXBuildFile section */

/* Begin PBXCopyFilesBuildPhase section */
		2DF65841168D1E7600C198D3 /* CopyFiles */ = {
			isa = PBXCopyFilesBuildPhase;
			buildActionMask = 2147483647;
			dstPath = /usr/share/man/man1/;
			dstSubfolderSpec = 0;
			files = (
				2DF6584A168D1E7600C198D3 /* static.1 in CopyFiles */,
			);
			runOnlyForDeploymentPostprocessing = 1;
		};
/* End PBXCopyFilesBuildPhase section */

/* Begin PBXFileReference section */
		2D2E19EF168F90FC00BCB6BA /* Template.hpp */ = {isa = PBXFileReference; fileEncoding = 4; lastKnownFileType = sourcecode.cpp.h; path = Template.hpp; sourceTree = "<group>"; };
		2D2E19F9168FAB4C00BCB6BA /* addController.cpp */ = {isa = PBXFileReference; fileEncoding = 4; lastKnownFileType = sourcecode.cpp.cpp; path = addController.cpp; sourceTree = "<group>"; };
		2D4C887B168E516B00B7E4D8 /* pull.cpp */ = {isa = PBXFileReference; fileEncoding = 4; lastKnownFileType = sourcecode.cpp.cpp; path = pull.cpp; sourceTree = "<group>"; };
		2D6782DD16962CFE001070E4 /* ArticleController.hpp */ = {isa = PBXFileReference; fileEncoding = 4; lastKnownFileType = sourcecode.cpp.h; path = ArticleController.hpp; sourceTree = "<group>"; };
		2D6782DF16962D0C001070E4 /* articleController.cpp */ = {isa = PBXFileReference; fileEncoding = 4; lastKnownFileType = sourcecode.cpp.cpp; path = articleController.cpp; sourceTree = "<group>"; };
		2D6782E116962F70001070E4 /* ArticleModel.hpp */ = {isa = PBXFileReference; fileEncoding = 4; lastKnownFileType = sourcecode.cpp.h; path = ArticleModel.hpp; sourceTree = "<group>"; };
		2D6782E2169650B7001070E4 /* articleModel.cpp */ = {isa = PBXFileReference; fileEncoding = 4; lastKnownFileType = sourcecode.cpp.cpp; path = articleModel.cpp; sourceTree = "<group>"; };
		2D6C695C1693C06B00BBBBDB /* outputStream.cpp */ = {isa = PBXFileReference; fileEncoding = 4; lastKnownFileType = sourcecode.cpp.cpp; path = outputStream.cpp; sourceTree = "<group>"; };
		2DABC0CB16915BE300B7C260 /* AST.hpp */ = {isa = PBXFileReference; fileEncoding = 4; lastKnownFileType = sourcecode.cpp.h; path = AST.hpp; sourceTree = "<group>"; };
		2DABC0CC16915BEE00B7C260 /* ast.cpp */ = {isa = PBXFileReference; fileEncoding = 4; lastKnownFileType = sourcecode.cpp.cpp; path = ast.cpp; sourceTree = "<group>"; };
		2DABC0CE1691FF9400B7C260 /* Function.hpp */ = {isa = PBXFileReference; fileEncoding = 4; lastKnownFileType = sourcecode.cpp.h; path = Function.hpp; sourceTree = "<group>"; };
		2DABC0CF1692019D00B7C260 /* function.cpp */ = {isa = PBXFileReference; fileEncoding = 4; lastKnownFileType = sourcecode.cpp.cpp; path = function.cpp; sourceTree = "<group>"; };
		2DABC0D1169232A700B7C260 /* symbolTable.cpp */ = {isa = PBXFileReference; fileEncoding = 4; lastKnownFileType = sourcecode.cpp.cpp; path = symbolTable.cpp; sourceTree = "<group>"; };
		2DABC0D31692401600B7C260 /* variable.cpp */ = {isa = PBXFileReference; fileEncoding = 4; lastKnownFileType = sourcecode.cpp.cpp; path = variable.cpp; sourceTree = "<group>"; };
		2DABC0D5169246E000B7C260 /* stack.cpp */ = {isa = PBXFileReference; fileEncoding = 4; lastKnownFileType = sourcecode.cpp.cpp; path = stack.cpp; sourceTree = "<group>"; };
		2DABC0DD16927D9600B7C260 /* loadFile.cpp */ = {isa = PBXFileReference; fileEncoding = 4; lastKnownFileType = sourcecode.cpp.cpp; path = loadFile.cpp; sourceTree = "<group>"; };
		2DABC0E11692A0A800B7C260 /* text.cpp */ = {isa = PBXFileReference; fileEncoding = 4; lastKnownFileType = sourcecode.cpp.cpp; path = text.cpp; sourceTree = "<group>"; };
		2DABC0E31692AA7100B7C260 /* request.cpp */ = {isa = PBXFileReference; fileEncoding = 4; lastKnownFileType = sourcecode.cpp.cpp; path = request.cpp; sourceTree = "<group>"; };
		2DABC0E51692C1F000B7C260 /* template.cpp */ = {isa = PBXFileReference; fileEncoding = 4; lastKnownFileType = sourcecode.cpp.cpp; path = template.cpp; sourceTree = "<group>"; };
		2DEE1868168E386F00C3ACCC /* libsqlite3.dylib */ = {isa = PBXFileReference; lastKnownFileType = "compiled.mach-o.dylib"; name = libsqlite3.dylib; path = usr/lib/libsqlite3.dylib; sourceTree = SDKROOT; };
		2DF65843168D1E7600C198D3 /* static */ = {isa = PBXFileReference; explicitFileType = "compiled.mach-o.executable"; includeInIndex = 0; path = static; sourceTree = BUILT_PRODUCTS_DIR; };
		2DF65847168D1E7600C198D3 /* main.cpp */ = {isa = PBXFileReference; lastKnownFileType = sourcecode.cpp.cpp; path = main.cpp; sourceTree = "<group>"; };
		2DF65849168D1E7600C198D3 /* static.1 */ = {isa = PBXFileReference; lastKnownFileType = text.man; path = static.1; sourceTree = "<group>"; };
		2DF65857168D21F900C198D3 /* Cell.hpp */ = {isa = PBXFileReference; fileEncoding = 4; lastKnownFileType = sourcecode.cpp.h; path = Cell.hpp; sourceTree = "<group>"; };
		2DF65859168D21F900C198D3 /* ctor.cpp */ = {isa = PBXFileReference; fileEncoding = 4; lastKnownFileType = sourcecode.cpp.cpp; path = ctor.cpp; sourceTree = "<group>"; };
		2DF6585A168D21F900C198D3 /* dtor.cpp */ = {isa = PBXFileReference; fileEncoding = 4; lastKnownFileType = sourcecode.cpp.cpp; path = dtor.cpp; sourceTree = "<group>"; };
		2DF6585B168D21F900C198D3 /* dumpEnv.cpp */ = {isa = PBXFileReference; fileEncoding = 4; lastKnownFileType = sourcecode.cpp.cpp; path = dumpEnv.cpp; sourceTree = "<group>"; };
		2DF6585C168D21F900C198D3 /* getEnv.cpp */ = {isa = PBXFileReference; fileEncoding = 4; lastKnownFileType = sourcecode.cpp.cpp; path = getEnv.cpp; sourceTree = "<group>"; };
		2DF6585E168D21F900C198D3 /* local.hpp */ = {isa = PBXFileReference; fileEncoding = 4; lastKnownFileType = sourcecode.cpp.h; path = local.hpp; sourceTree = "<group>"; };
		2DF65861168D21F900C198D3 /* CGI.hpp */ = {isa = PBXFileReference; fileEncoding = 4; lastKnownFileType = sourcecode.cpp.h; path = CGI.hpp; sourceTree = "<group>"; };
		2DF65864168D21F900C198D3 /* ctor.cpp */ = {isa = PBXFileReference; fileEncoding = 4; lastKnownFileType = sourcecode.cpp.cpp; path = ctor.cpp; sourceTree = "<group>"; };
		2DF65865168D21F900C198D3 /* dtor.cpp */ = {isa = PBXFileReference; fileEncoding = 4; lastKnownFileType = sourcecode.cpp.cpp; path = dtor.cpp; sourceTree = "<group>"; };
		2DF65867168D21F900C198D3 /* local.hpp */ = {isa = PBXFileReference; fileEncoding = 4; lastKnownFileType = sourcecode.cpp.h; path = local.hpp; sourceTree = "<group>"; };
		2DF65868168D21F900C198D3 /* Controller.hpp */ = {isa = PBXFileReference; fileEncoding = 4; lastKnownFileType = sourcecode.cpp.h; path = Controller.hpp; sourceTree = "<group>"; };
		2DF6586A168D21F900C198D3 /* local.hpp */ = {isa = PBXFileReference; fileEncoding = 4; lastKnownFileType = sourcecode.cpp.h; path = local.hpp; sourceTree = "<group>"; };
		2DF6586C168D21F900C198D3 /* ctor.cpp */ = {isa = PBXFileReference; fileEncoding = 4; lastKnownFileType = sourcecode.cpp.cpp; path = ctor.cpp; sourceTree = "<group>"; };
		2DF6586D168D21F900C198D3 /* dtor.cpp */ = {isa = PBXFileReference; fileEncoding = 4; lastKnownFileType = sourcecode.cpp.cpp; path = dtor.cpp; sourceTree = "<group>"; };
		2DF6586E168D21F900C198D3 /* local.hpp */ = {isa = PBXFileReference; fileEncoding = 4; lastKnownFileType = sourcecode.cpp.h; path = local.hpp; sourceTree = "<group>"; };
		2DF6586F168D21F900C198D3 /* push.cpp */ = {isa = PBXFileReference; fileEncoding = 4; lastKnownFileType = sourcecode.cpp.cpp; path = push.cpp; sourceTree = "<group>"; };
		2DF65870168D21F900C198D3 /* Model.hpp */ = {isa = PBXFileReference; fileEncoding = 4; lastKnownFileType = sourcecode.cpp.h; path = Model.hpp; sourceTree = "<group>"; };
		2DF6587A168D21F900C198D3 /* Request.hpp */ = {isa = PBXFileReference; fileEncoding = 4; lastKnownFileType = sourcecode.cpp.h; path = Request.hpp; sourceTree = "<group>"; };
		2DF6587E168D21F900C198D3 /* ctor.cpp */ = {isa = PBXFileReference; fileEncoding = 4; lastKnownFileType = sourcecode.cpp.cpp; path = ctor.cpp; sourceTree = "<group>"; };
		2DF6587F168D21F900C198D3 /* defaultController.cpp */ = {isa = PBXFileReference; fileEncoding = 4; lastKnownFileType = sourcecode.cpp.cpp; path = defaultController.cpp; sourceTree = "<group>"; };
		2DF65880168D21F900C198D3 /* dtor.cpp */ = {isa = PBXFileReference; fileEncoding = 4; lastKnownFileType = sourcecode.cpp.cpp; path = dtor.cpp; sourceTree = "<group>"; };
		2DF65881168D21F900C198D3 /* local.hpp */ = {isa = PBXFileReference; fileEncoding = 4; lastKnownFileType = sourcecode.cpp.h; path = local.hpp; sourceTree = "<group>"; };
		2DF65882168D21F900C198D3 /* route.cpp */ = {isa = PBXFileReference; fileEncoding = 4; lastKnownFileType = sourcecode.cpp.cpp; path = route.cpp; sourceTree = "<group>"; };
		2DF65883168D21F900C198D3 /* Router.hpp */ = {isa = PBXFileReference; fileEncoding = 4; lastKnownFileType = sourcecode.cpp.h; path = Router.hpp; sourceTree = "<group>"; };
		2DF65889168D21F900C198D3 /* Stack.hpp */ = {isa = PBXFileReference; fileEncoding = 4; lastKnownFileType = sourcecode.cpp.h; path = Stack.hpp; sourceTree = "<group>"; };
		2DF6588C168D21F900C198D3 /* local.hpp */ = {isa = PBXFileReference; fileEncoding = 4; lastKnownFileType = sourcecode.cpp.h; path = local.hpp; sourceTree = "<group>"; };
		2DF65896168D21F900C198D3 /* Stream.hpp */ = {isa = PBXFileReference; fileEncoding = 4; lastKnownFileType = sourcecode.cpp.h; path = Stream.hpp; sourceTree = "<group>"; };
		2DF658A0168D21F900C198D3 /* SymbolTable.hpp */ = {isa = PBXFileReference; fileEncoding = 4; lastKnownFileType = sourcecode.cpp.h; path = SymbolTable.hpp; sourceTree = "<group>"; };
		2DF658A8168D21F900C198D3 /* Text.hpp */ = {isa = PBXFileReference; fileEncoding = 4; lastKnownFileType = sourcecode.cpp.h; path = Text.hpp; sourceTree = "<group>"; };
		2DF658AA168D21F900C198D3 /* abspath.cpp */ = {isa = PBXFileReference; fileEncoding = 4; lastKnownFileType = sourcecode.cpp.cpp; path = abspath.cpp; sourceTree = "<group>"; };
		2DF658AB168D21F900C198D3 /* local.hpp */ = {isa = PBXFileReference; fileEncoding = 4; lastKnownFileType = sourcecode.cpp.h; path = local.hpp; sourceTree = "<group>"; };
		2DF658AC168D21F900C198D3 /* strcat.cpp */ = {isa = PBXFileReference; fileEncoding = 4; lastKnownFileType = sourcecode.cpp.cpp; path = strcat.cpp; sourceTree = "<group>"; };
		2DF658AD168D21F900C198D3 /* strcmp.cpp */ = {isa = PBXFileReference; fileEncoding = 4; lastKnownFileType = sourcecode.cpp.cpp; path = strcmp.cpp; sourceTree = "<group>"; };
		2DF658AE168D21F900C198D3 /* strdup.cpp */ = {isa = PBXFileReference; fileEncoding = 4; lastKnownFileType = sourcecode.cpp.cpp; path = strdup.cpp; sourceTree = "<group>"; };
		2DF658AF168D21F900C198D3 /* Util.hpp */ = {isa = PBXFileReference; fileEncoding = 4; lastKnownFileType = sourcecode.cpp.h; path = Util.hpp; sourceTree = "<group>"; };
		2DF658B7168D21F900C198D3 /* Variable.hpp */ = {isa = PBXFileReference; fileEncoding = 4; lastKnownFileType = sourcecode.cpp.h; path = Variable.hpp; sourceTree = "<group>"; };
		2DF658BE168D21F900C198D3 /* local.hpp */ = {isa = PBXFileReference; fileEncoding = 4; lastKnownFileType = sourcecode.cpp.h; path = local.hpp; sourceTree = "<group>"; };
		2DF65910168D24C900C198D3 /* exportToSymTab.cpp */ = {isa = PBXFileReference; fileEncoding = 4; lastKnownFileType = sourcecode.cpp.cpp; path = exportToSymTab.cpp; sourceTree = "<group>"; };
		2DF65920168D776800C198D3 /* strcopy.cpp */ = {isa = PBXFileReference; fileEncoding = 4; lastKnownFileType = sourcecode.cpp.cpp; path = strcopy.cpp; sourceTree = "<group>"; };
/* End PBXFileReference section */

/* Begin PBXFrameworksBuildPhase section */
		2DF65840168D1E7600C198D3 /* Frameworks */ = {
			isa = PBXFrameworksBuildPhase;
			buildActionMask = 2147483647;
			files = (
				2DEE1869168E386F00C3ACCC /* libsqlite3.dylib in Frameworks */,
			);
			runOnlyForDeploymentPostprocessing = 0;
		};
/* End PBXFrameworksBuildPhase section */

/* Begin PBXGroup section */
		2DF65838168D1E7600C198D3 = {
			isa = PBXGroup;
			children = (
				2DEE1868168E386F00C3ACCC /* libsqlite3.dylib */,
				2DF65846168D1E7600C198D3 /* static */,
				2DF65844168D1E7600C198D3 /* Products */,
			);
			sourceTree = "<group>";
		};
		2DF65844168D1E7600C198D3 /* Products */ = {
			isa = PBXGroup;
			children = (
				2DF65843168D1E7600C198D3 /* static */,
			);
			name = Products;
			sourceTree = "<group>";
		};
		2DF65846168D1E7600C198D3 /* static */ = {
			isa = PBXGroup;
			children = (
				2DF65856168D21F900C198D3 /* lib.nftm */,
				2DF658BE168D21F900C198D3 /* local.hpp */,
				2DF65847168D1E7600C198D3 /* main.cpp */,
				2D6782DD16962CFE001070E4 /* ArticleController.hpp */,
				2D6782DF16962D0C001070E4 /* articleController.cpp */,
				2D6782E116962F70001070E4 /* ArticleModel.hpp */,
				2D6782E2169650B7001070E4 /* articleModel.cpp */,
				2DF65849168D1E7600C198D3 /* static.1 */,
			);
			path = static;
			sourceTree = "<group>";
		};
		2DF65856168D21F900C198D3 /* lib.nftm */ = {
			isa = PBXGroup;
			children = (
				2DABC0CB16915BE300B7C260 /* AST.hpp */,
				2DABC0CC16915BEE00B7C260 /* ast.cpp */,
				2DF65857168D21F900C198D3 /* Cell.hpp */,
				2DABC0CE1691FF9400B7C260 /* Function.hpp */,
				2DABC0CF1692019D00B7C260 /* function.cpp */,
				2DF6587A168D21F900C198D3 /* Request.hpp */,
				2DABC0E31692AA7100B7C260 /* request.cpp */,
				2DF65889168D21F900C198D3 /* Stack.hpp */,
				2DABC0D5169246E000B7C260 /* stack.cpp */,
				2DF65896168D21F900C198D3 /* Stream.hpp */,
				2D6C695C1693C06B00BBBBDB /* outputStream.cpp */,
				2DF658A0168D21F900C198D3 /* SymbolTable.hpp */,
				2DABC0D1169232A700B7C260 /* symbolTable.cpp */,
				2D2E19EF168F90FC00BCB6BA /* Template.hpp */,
				2DABC0E51692C1F000B7C260 /* template.cpp */,
				2DF658A8168D21F900C198D3 /* Text.hpp */,
				2DABC0E11692A0A800B7C260 /* text.cpp */,
				2DF658B7168D21F900C198D3 /* Variable.hpp */,
				2DABC0D31692401600B7C260 /* variable.cpp */,
				2DF65858168D21F900C198D3 /* cgi */,
				2DF65861168D21F900C198D3 /* CGI.hpp */,
				2DF65862168D21F900C198D3 /* controller */,
				2DF65868168D21F900C198D3 /* Controller.hpp */,
				2DF6586A168D21F900C198D3 /* local.hpp */,
				2DF6586B168D21F900C198D3 /* model */,
				2DF65870168D21F900C198D3 /* Model.hpp */,
				2DF6587B168D21F900C198D3 /* router */,
				2DF65883168D21F900C198D3 /* Router.hpp */,
				2DF6588A168D21F900C198D3 /* stream */,
				2DF658A9168D21F900C198D3 /* util */,
				2DF658AF168D21F900C198D3 /* Util.hpp */,
				2DABC0DD16927D9600B7C260 /* loadFile.cpp */,
			);
			path = lib.nftm;
			sourceTree = "<group>";
		};
		2DF65858168D21F900C198D3 /* cgi */ = {
			isa = PBXGroup;
			children = (
				2DF65859168D21F900C198D3 /* ctor.cpp */,
				2DF6585A168D21F900C198D3 /* dtor.cpp */,
				2DF6585B168D21F900C198D3 /* dumpEnv.cpp */,
				2DF6585C168D21F900C198D3 /* getEnv.cpp */,
				2DF6585E168D21F900C198D3 /* local.hpp */,
				2DF65910168D24C900C198D3 /* exportToSymTab.cpp */,
			);
			path = cgi;
			sourceTree = "<group>";
		};
		2DF65862168D21F900C198D3 /* controller */ = {
			isa = PBXGroup;
			children = (
				2DF65864168D21F900C198D3 /* ctor.cpp */,
				2DF65865168D21F900C198D3 /* dtor.cpp */,
				2DF65867168D21F900C198D3 /* local.hpp */,
			);
			path = controller;
			sourceTree = "<group>";
		};
		2DF6586B168D21F900C198D3 /* model */ = {
			isa = PBXGroup;
			children = (
				2DF6586C168D21F900C198D3 /* ctor.cpp */,
				2DF6586D168D21F900C198D3 /* dtor.cpp */,
				2DF6586E168D21F900C198D3 /* local.hpp */,
				2DF6586F168D21F900C198D3 /* push.cpp */,
				2D4C887B168E516B00B7E4D8 /* pull.cpp */,
			);
			path = model;
			sourceTree = "<group>";
		};
		2DF6587B168D21F900C198D3 /* router */ = {
			isa = PBXGroup;
			children = (
				2DF65881168D21F900C198D3 /* local.hpp */,
				2DF6587E168D21F900C198D3 /* ctor.cpp */,
				2DF65880168D21F900C198D3 /* dtor.cpp */,
				2DF6587F168D21F900C198D3 /* defaultController.cpp */,
				2DF65882168D21F900C198D3 /* route.cpp */,
				2D2E19F9168FAB4C00BCB6BA /* addController.cpp */,
			);
			path = router;
			sourceTree = "<group>";
		};
		2DF6588A168D21F900C198D3 /* stream */ = {
			isa = PBXGroup;
			children = (
				2DF6588C168D21F900C198D3 /* local.hpp */,
				2DF6588B168D21F900C198D3 /* input */,
			);
			path = stream;
			sourceTree = "<group>";
		};
		2DF6588B168D21F900C198D3 /* input */ = {
			isa = PBXGroup;
			children = (
			);
			path = input;
			sourceTree = "<group>";
		};
		2DF658A9168D21F900C198D3 /* util */ = {
			isa = PBXGroup;
			children = (
				2DF658AA168D21F900C198D3 /* abspath.cpp */,
				2DF658AB168D21F900C198D3 /* local.hpp */,
				2DF658AC168D21F900C198D3 /* strcat.cpp */,
				2DF658AD168D21F900C198D3 /* strcmp.cpp */,
				2DF658AE168D21F900C198D3 /* strdup.cpp */,
				2DF65920168D776800C198D3 /* strcopy.cpp */,
			);
			path = util;
			sourceTree = "<group>";
		};
/* End PBXGroup section */

/* Begin PBXNativeTarget section */
		2DF65842168D1E7600C198D3 /* static */ = {
			isa = PBXNativeTarget;
			buildConfigurationList = 2DF6584D168D1E7600C198D3 /* Build configuration list for PBXNativeTarget "static" */;
			buildPhases = (
				2DF6583F168D1E7600C198D3 /* Sources */,
				2DF65840168D1E7600C198D3 /* Frameworks */,
				2DF65841168D1E7600C198D3 /* CopyFiles */,
			);
			buildRules = (
			);
			dependencies = (
			);
			name = static;
			productName = static;
			productReference = 2DF65843168D1E7600C198D3 /* static */;
			productType = "com.apple.product-type.tool";
		};
/* End PBXNativeTarget section */

/* Begin PBXProject section */
		2DF6583A168D1E7600C198D3 /* Project object */ = {
			isa = PBXProject;
			attributes = {
				LastUpgradeCheck = 0450;
				ORGANIZATIONNAME = "Michael Henderson";
			};
			buildConfigurationList = 2DF6583D168D1E7600C198D3 /* Build configuration list for PBXProject "static" */;
			compatibilityVersion = "Xcode 3.2";
			developmentRegion = English;
			hasScannedForEncodings = 0;
			knownRegions = (
				en,
			);
			mainGroup = 2DF65838168D1E7600C198D3;
			productRefGroup = 2DF65844168D1E7600C198D3 /* Products */;
			projectDirPath = "";
			projectRoot = "";
			targets = (
				2DF65842168D1E7600C198D3 /* static */,
			);
		};
/* End PBXProject section */

/* Begin PBXSourcesBuildPhase section */
		2DF6583F168D1E7600C198D3 /* Sources */ = {
			isa = PBXSourcesBuildPhase;
			buildActionMask = 2147483647;
			files = (
				2DF65848168D1E7600C198D3 /* main.cpp in Sources */,
				2DF658CD168D21F900C198D3 /* ctor.cpp in Sources */,
				2DF658CE168D21F900C198D3 /* dtor.cpp in Sources */,
				2DF658CF168D21F900C198D3 /* dumpEnv.cpp in Sources */,
				2DF658D0168D21F900C198D3 /* getEnv.cpp in Sources */,
				2DF658D5168D21F900C198D3 /* ctor.cpp in Sources */,
				2DF658D6168D21F900C198D3 /* dtor.cpp in Sources */,
				2DF658D8168D21F900C198D3 /* ctor.cpp in Sources */,
				2DF658D9168D21F900C198D3 /* dtor.cpp in Sources */,
				2DF658DA168D21F900C198D3 /* push.cpp in Sources */,
				2DF658E0168D21F900C198D3 /* ctor.cpp in Sources */,
				2DF658E1168D21F900C198D3 /* defaultController.cpp in Sources */,
				2DF658E2168D21F900C198D3 /* dtor.cpp in Sources */,
				2DF658E3168D21F900C198D3 /* route.cpp in Sources */,
				2DF658FB168D21F900C198D3 /* abspath.cpp in Sources */,
				2DF658FC168D21F900C198D3 /* strcat.cpp in Sources */,
				2DF658FD168D21F900C198D3 /* strcmp.cpp in Sources */,
				2DF658FE168D21F900C198D3 /* strdup.cpp in Sources */,
				2DF65911168D24C900C198D3 /* exportToSymTab.cpp in Sources */,
				2DF65921168D776800C198D3 /* strcopy.cpp in Sources */,
				2D4C887C168E516B00B7E4D8 /* pull.cpp in Sources */,
				2D2E19FA168FAB4C00BCB6BA /* addController.cpp in Sources */,
				2DABC0CD16915BEF00B7C260 /* ast.cpp in Sources */,
				2DABC0D01692019E00B7C260 /* function.cpp in Sources */,
				2DABC0D2169232A700B7C260 /* symbolTable.cpp in Sources */,
				2DABC0D41692401600B7C260 /* variable.cpp in Sources */,
				2DABC0D6169246E100B7C260 /* stack.cpp in Sources */,
				2DABC0DE16927D9700B7C260 /* loadFile.cpp in Sources */,
				2DABC0E21692A0A900B7C260 /* text.cpp in Sources */,
				2DABC0E41692AA7200B7C260 /* request.cpp in Sources */,
				2DABC0E61692C1F300B7C260 /* template.cpp in Sources */,
				2D6C695D1693C06B00BBBBDB /* outputStream.cpp in Sources */,
				2D6782E016962D0C001070E4 /* articleController.cpp in Sources */,
				2D6782E3169650B7001070E4 /* articleModel.cpp in Sources */,
			);
			runOnlyForDeploymentPostprocessing = 0;
		};
/* End PBXSourcesBuildPhase section */

/* Begin XCBuildConfiguration section */
		2DF6584B168D1E7600C198D3 /* Debug */ = {
			isa = XCBuildConfiguration;
			buildSettings = {
				ALWAYS_SEARCH_USER_PATHS = NO;
				ARCHS = "$(ARCHS_STANDARD_64_BIT)";
				CLANG_CXX_LANGUAGE_STANDARD = "gnu++0x";
				CLANG_CXX_LIBRARY = "libc++";
				CLANG_WARN_EMPTY_BODY = YES;
				CLANG_WARN__DUPLICATE_METHOD_MATCH = YES;
				COPY_PHASE_STRIP = NO;
				GCC_C_LANGUAGE_STANDARD = gnu99;
				GCC_DYNAMIC_NO_PIC = NO;
				GCC_ENABLE_OBJC_EXCEPTIONS = YES;
				GCC_OPTIMIZATION_LEVEL = 0;
				GCC_PREPROCESSOR_DEFINITIONS = (
					"DEBUG=1",
					"$(inherited)",
				);
				GCC_SYMBOLS_PRIVATE_EXTERN = NO;
				GCC_WARN_64_TO_32_BIT_CONVERSION = YES;
				GCC_WARN_ABOUT_RETURN_TYPE = YES;
				GCC_WARN_UNINITIALIZED_AUTOS = YES;
				GCC_WARN_UNUSED_VARIABLE = YES;
				MACOSX_DEPLOYMENT_TARGET = 10.8;
				ONLY_ACTIVE_ARCH = YES;
				SDKROOT = macosx;
			};
			name = Debug;
		};
		2DF6584C168D1E7600C198D3 /* Release */ = {
			isa = XCBuildConfiguration;
			buildSettings = {
				ALWAYS_SEARCH_USER_PATHS = NO;
				ARCHS = "$(ARCHS_STANDARD_64_BIT)";
				CLANG_CXX_LANGUAGE_STANDARD = "gnu++0x";
				CLANG_CXX_LIBRARY = "libc++";
				CLANG_WARN_EMPTY_BODY = YES;
				CLANG_WARN__DUPLICATE_METHOD_MATCH = YES;
				COPY_PHASE_STRIP = YES;
				DEBUG_INFORMATION_FORMAT = "dwarf-with-dsym";
				GCC_C_LANGUAGE_STANDARD = gnu99;
				GCC_ENABLE_OBJC_EXCEPTIONS = YES;
				GCC_WARN_64_TO_32_BIT_CONVERSION = YES;
				GCC_WARN_ABOUT_RETURN_TYPE = YES;
				GCC_WARN_UNINITIALIZED_AUTOS = YES;
				GCC_WARN_UNUSED_VARIABLE = YES;
				MACOSX_DEPLOYMENT_TARGET = 10.8;
				SDKROOT = macosx;
			};
			name = Release;
		};
		2DF6584E168D1E7600C198D3 /* Debug */ = {
			isa = XCBuildConfiguration;
			buildSettings = {
				PRODUCT_NAME = "$(TARGET_NAME)";
			};
			name = Debug;
		};
		2DF6584F168D1E7600C198D3 /* Release */ = {
			isa = XCBuildConfiguration;
			buildSettings = {
				PRODUCT_NAME = "$(TARGET_NAME)";
			};
			name = Release;
		};
/* End XCBuildConfiguration section */

/* Begin XCConfigurationList section */
		2DF6583D168D1E7600C198D3 /* Build configuration list for PBXProject "static" */ = {
			isa = XCConfigurationList;
			buildConfigurations = (
				2DF6584B168D1E7600C198D3 /* Debug */,
				2DF6584C168D1E7600C198D3 /* Release */,
			);
			defaultConfigurationIsVisible = 0;
			defaultConfigurationName = Release;
		};
		2DF6584D168D1E7600C198D3 /* Build configuration list for PBXNativeTarget "static" */ = {
			isa = XCConfigurationList;
			buildConfigurations = (
				2DF6584E168D1E7600C198D3 /* Debug */,
				2DF6584F168D1E7600C198D3 /* Release */,
			);
			defaultConfigurationIsVisible = 0;
			defaultConfigurationName = Release;
		};
/* End XCConfigurationList section */
	};
	rootObject = 2DF6583A168D1E7600C198D3 /* Project object */;
}
