// !$*UTF8*$!
{
	archiveVersion = 1;
	classes = {
	};
	objectVersion = 46;
	objects = {

/* Begin PBXBuildFile section */
		2DF65848168D1E7600C198D3 /* main.cpp in Sources */ = {isa = PBXBuildFile; fileRef = 2DF65847168D1E7600C198D3 /* main.cpp */; };
		2DF6584A168D1E7600C198D3 /* static.1 in CopyFiles */ = {isa = PBXBuildFile; fileRef = 2DF65849168D1E7600C198D3 /* static.1 */; };
/* End PBXBuildFile section */

/* Begin PBXCopyFilesBuildPhase section */
		2DF65841168D1E7600C198D3 /* CopyFiles */ = {
			isa = PBXCopyFilesBuildPhase;
			buildActionMask = 2147483647;
			dstPath = /usr/share/man/man1/;
			dstSubfolderSpec = 0;
			files = (
				2DF6584A168D1E7600C198D3 /* static.1 in CopyFiles */,
			);
			runOnlyForDeploymentPostprocessing = 1;
		};
/* End PBXCopyFilesBuildPhase section */

/* Begin PBXFileReference section */
		2DF65843168D1E7600C198D3 /* static */ = {isa = PBXFileReference; explicitFileType = "compiled.mach-o.executable"; includeInIndex = 0; path = static; sourceTree = BUILT_PRODUCTS_DIR; };
		2DF65847168D1E7600C198D3 /* main.cpp */ = {isa = PBXFileReference; lastKnownFileType = sourcecode.cpp.cpp; path = main.cpp; sourceTree = "<group>"; };
		2DF65849168D1E7600C198D3 /* static.1 */ = {isa = PBXFileReference; lastKnownFileType = text.man; path = static.1; sourceTree = "<group>"; };
/* End PBXFileReference section */

/* Begin PBXFrameworksBuildPhase section */
		2DF65840168D1E7600C198D3 /* Frameworks */ = {
			isa = PBXFrameworksBuildPhase;
			buildActionMask = 2147483647;
			files = (
			);
			runOnlyForDeploymentPostprocessing = 0;
		};
/* End PBXFrameworksBuildPhase section */

/* Begin PBXGroup section */
		2DF65838168D1E7600C198D3 = {
			isa = PBXGroup;
			children = (
				2DF65846168D1E7600C198D3 /* static */,
				2DF65844168D1E7600C198D3 /* Products */,
			);
			sourceTree = "<group>";
		};
		2DF65844168D1E7600C198D3 /* Products */ = {
			isa = PBXGroup;
			children = (
				2DF65843168D1E7600C198D3 /* static */,
			);
			name = Products;
			sourceTree = "<group>";
		};
		2DF65846168D1E7600C198D3 /* static */ = {
			isa = PBXGroup;
			children = (
				2DF65847168D1E7600C198D3 /* main.cpp */,
				2DF65849168D1E7600C198D3 /* static.1 */,
			);
			path = static;
			sourceTree = "<group>";
		};
/* End PBXGroup section */

/* Begin PBXNativeTarget section */
		2DF65842168D1E7600C198D3 /* static */ = {
			isa = PBXNativeTarget;
			buildConfigurationList = 2DF6584D168D1E7600C198D3 /* Build configuration list for PBXNativeTarget "static" */;
			buildPhases = (
				2DF6583F168D1E7600C198D3 /* Sources */,
				2DF65840168D1E7600C198D3 /* Frameworks */,
				2DF65841168D1E7600C198D3 /* CopyFiles */,
			);
			buildRules = (
			);
			dependencies = (
			);
			name = static;
			productName = static;
			productReference = 2DF65843168D1E7600C198D3 /* static */;
			productType = "com.apple.product-type.tool";
		};
/* End PBXNativeTarget section */

/* Begin PBXProject section */
		2DF6583A168D1E7600C198D3 /* Project object */ = {
			isa = PBXProject;
			attributes = {
				LastUpgradeCheck = 0450;
				ORGANIZATIONNAME = "Michael Henderson";
			};
			buildConfigurationList = 2DF6583D168D1E7600C198D3 /* Build configuration list for PBXProject "static" */;
			compatibilityVersion = "Xcode 3.2";
			developmentRegion = English;
			hasScannedForEncodings = 0;
			knownRegions = (
				en,
			);
			mainGroup = 2DF65838168D1E7600C198D3;
			productRefGroup = 2DF65844168D1E7600C198D3 /* Products */;
			projectDirPath = "";
			projectRoot = "";
			targets = (
				2DF65842168D1E7600C198D3 /* static */,
			);
		};
/* End PBXProject section */

/* Begin PBXSourcesBuildPhase section */
		2DF6583F168D1E7600C198D3 /* Sources */ = {
			isa = PBXSourcesBuildPhase;
			buildActionMask = 2147483647;
			files = (
				2DF65848168D1E7600C198D3 /* main.cpp in Sources */,
			);
			runOnlyForDeploymentPostprocessing = 0;
		};
/* End PBXSourcesBuildPhase section */

/* Begin XCBuildConfiguration section */
		2DF6584B168D1E7600C198D3 /* Debug */ = {
			isa = XCBuildConfiguration;
			buildSettings = {
				ALWAYS_SEARCH_USER_PATHS = NO;
				ARCHS = "$(ARCHS_STANDARD_64_BIT)";
				CLANG_CXX_LANGUAGE_STANDARD = "gnu++0x";
				CLANG_CXX_LIBRARY = "libc++";
				CLANG_WARN_EMPTY_BODY = YES;
				CLANG_WARN__DUPLICATE_METHOD_MATCH = YES;
				COPY_PHASE_STRIP = NO;
				GCC_C_LANGUAGE_STANDARD = gnu99;
				GCC_DYNAMIC_NO_PIC = NO;
				GCC_ENABLE_OBJC_EXCEPTIONS = YES;
				GCC_OPTIMIZATION_LEVEL = 0;
				GCC_PREPROCESSOR_DEFINITIONS = (
					"DEBUG=1",
					"$(inherited)",
				);
				GCC_SYMBOLS_PRIVATE_EXTERN = NO;
				GCC_WARN_64_TO_32_BIT_CONVERSION = YES;
				GCC_WARN_ABOUT_RETURN_TYPE = YES;
				GCC_WARN_UNINITIALIZED_AUTOS = YES;
				GCC_WARN_UNUSED_VARIABLE = YES;
				MACOSX_DEPLOYMENT_TARGET = 10.8;
				ONLY_ACTIVE_ARCH = YES;
				SDKROOT = macosx;
			};
			name = Debug;
		};
		2DF6584C168D1E7600C198D3 /* Release */ = {
			isa = XCBuildConfiguration;
			buildSettings = {
				ALWAYS_SEARCH_USER_PATHS = NO;
				ARCHS = "$(ARCHS_STANDARD_64_BIT)";
				CLANG_CXX_LANGUAGE_STANDARD = "gnu++0x";
				CLANG_CXX_LIBRARY = "libc++";
				CLANG_WARN_EMPTY_BODY = YES;
				CLANG_WARN__DUPLICATE_METHOD_MATCH = YES;
				COPY_PHASE_STRIP = YES;
				DEBUG_INFORMATION_FORMAT = "dwarf-with-dsym";
				GCC_C_LANGUAGE_STANDARD = gnu99;
				GCC_ENABLE_OBJC_EXCEPTIONS = YES;
				GCC_WARN_64_TO_32_BIT_CONVERSION = YES;
				GCC_WARN_ABOUT_RETURN_TYPE = YES;
				GCC_WARN_UNINITIALIZED_AUTOS = YES;
				GCC_WARN_UNUSED_VARIABLE = YES;
				MACOSX_DEPLOYMENT_TARGET = 10.8;
				SDKROOT = macosx;
			};
			name = Release;
		};
		2DF6584E168D1E7600C198D3 /* Debug */ = {
			isa = XCBuildConfiguration;
			buildSettings = {
				PRODUCT_NAME = "$(TARGET_NAME)";
			};
			name = Debug;
		};
		2DF6584F168D1E7600C198D3 /* Release */ = {
			isa = XCBuildConfiguration;
			buildSettings = {
				PRODUCT_NAME = "$(TARGET_NAME)";
			};
			name = Release;
		};
/* End XCBuildConfiguration section */

/* Begin XCConfigurationList section */
		2DF6583D168D1E7600C198D3 /* Build configuration list for PBXProject "static" */ = {
			isa = XCConfigurationList;
			buildConfigurations = (
				2DF6584B168D1E7600C198D3 /* Debug */,
				2DF6584C168D1E7600C198D3 /* Release */,
			);
			defaultConfigurationIsVisible = 0;
			defaultConfigurationName = Release;
		};
		2DF6584D168D1E7600C198D3 /* Build configuration list for PBXNativeTarget "static" */ = {
			isa = XCConfigurationList;
			buildConfigurations = (
				2DF6584E168D1E7600C198D3 /* Debug */,
				2DF6584F168D1E7600C198D3 /* Release */,
			);
			defaultConfigurationIsVisible = 0;
		};
/* End XCConfigurationList section */
	};
	rootObject = 2DF6583A168D1E7600C198D3 /* Project object */;
}
